// !$*UTF8*$!
{
	archiveVersion = 1;
	classes = {
	};
	objectVersion = 46;
	objects = {

/* Begin PBXAggregateTarget section */
		E8DC0A02BF9BE37C411C3E3E /* MoogLadderFilter - All */ = {
			isa = PBXAggregateTarget;
			buildConfigurationList = 1B42F18CCF3E1C6C632C0EF7;
			buildPhases = (
			);
			dependencies = (
				BD4948AF262FB7CAA4746027,
				D686E12B82EE52CA749376A8,
				2A4327A0DAEB3BEBDC4B4E16,
				67EF9656BD78F2FC31AB16CD,
			);
			name = "MoogLadderFilter - All";
			productName = MoogLadderFilter;
		};
/* End PBXAggregateTarget section */

/* Begin PBXBuildFile section */
		01862C197F3F9B42A56E028F /* include_juce_audio_plugin_client_VST3.cpp */ = {isa = PBXBuildFile; fileRef = B6D4B54B4EFF1DAF19148A7B; };
		0425ECBC4C0E38D32AA4B9F5 /* include_juce_graphics.mm */ = {isa = PBXBuildFile; fileRef = CA1CEA369161C598D8796EC4; };
		087830EC42541AF3FF2C8763 /* include_juce_gui_extra.mm */ = {isa = PBXBuildFile; fileRef = 1CE45ADC1B2F8FE4140C71C6; };
		2053C2F99AB9614FE67AE58D /* include_juce_audio_processors.mm */ = {isa = PBXBuildFile; fileRef = EF57E1F492DD5DBDBAF5E89D; };
		29DA1E7B1B3A5A4548AD5036 /* QuartzCore.framework */ = {isa = PBXBuildFile; fileRef = C546B7528B6D15520289559F; };
		2C404499FC439C6313E2FDCD /* include_juce_audio_utils.mm */ = {isa = PBXBuildFile; fileRef = 5464262AE080CDFACBB970F3; };
		3286B5165A7118860DAD7EAE /* Shared Code */ = {isa = PBXBuildFile; fileRef = 17DCCDADE7C325241FF83364; };
		32FDE8C5FCCD4FFDFF120E5F /* AU */ = {isa = PBXBuildFile; fileRef = B43D2C0E99F30F54E479D5F6; };
		33CD471F74BB332583533A08 /* IOKit.framework */ = {isa = PBXBuildFile; fileRef = 0CCD3395C494FFB24DF67B16; };
		3BBECF23D3C8A21424CDD255 /* include_juce_audio_formats.mm */ = {isa = PBXBuildFile; fileRef = 736816225C6D842B8354D40B; };
		3C7EE37B2CF3E1B3694C63E2 /* PluginEditor.cpp */ = {isa = PBXBuildFile; fileRef = EF198997D0633B70611C09C8; };
		404E1DA4F6DCAB7F3AA4B78C /* VST3 */ = {isa = PBXBuildFile; fileRef = 3A717B7FF19DCACB494DAE9E; };
		48CD05E8204D9A889D275EF5 /* include_juce_data_structures.mm */ = {isa = PBXBuildFile; fileRef = C82A79D5D208CEC9A99DF2E7; };
		4A61CC7B48E1BC013D69ABA5 /* include_juce_audio_plugin_client_Standalone.cpp */ = {isa = PBXBuildFile; fileRef = F0E73D279EF494B2F363F879; };
		4BD11FD44AE2D0D5C27FD52B /* RecentFilesMenuTemplate.nib */ = {isa = PBXBuildFile; fileRef = 54C52F6AAB98ED560AB30ECD; };
		4BFCA1F68A77520403CA5C0D /* include_juce_gui_basics.mm */ = {isa = PBXBuildFile; fileRef = 7574F2FB25786E57AE46C4C6; };
		5468B1A3FE1FC8A977AEE6B7 /* Carbon.framework */ = {isa = PBXBuildFile; fileRef = BA5A0D1D9DAF11E120E0F02A; };
		5A1F73FE8E5868F92641DDDB /* AudioToolbox.framework */ = {isa = PBXBuildFile; fileRef = 13688B25E87E353BE68A8FC7; };
		6F6BB7A20FDC9DC912944835 /* include_juce_audio_plugin_client_AU_2.mm */ = {isa = PBXBuildFile; fileRef = 8DA7A921CCAF9267971A0DBB; };
		734C2354B5EF48F711000CC1 /* CoreAudio.framework */ = {isa = PBXBuildFile; fileRef = 1B8E7756D0A82C3C7F803FBA; };
		7C49A2FFAAAAF57426239EB0 /* Standalone Plugin */ = {isa = PBXBuildFile; fileRef = C26A5F9940661366984353EB; };
		812C6A6D9C3A1339CB60AE96 /* effect.cpp */ = {isa = PBXBuildFile; fileRef = DC78D4C202A63E4327DC99B6; };
		8969B0DC91247F015A688C65 /* include_juce_audio_plugin_client_VST_utils.mm */ = {isa = PBXBuildFile; fileRef = 3B3191740C80E1E3530DF8B3; };
		8C31DEA5BEDE4E4AD1175634 /* Foundation.framework */ = {isa = PBXBuildFile; fileRef = 65FEB8F56AA714045C5F02A9; };
		9548C8CC15F75A7208DE693C /* include_juce_audio_plugin_client_AU.r */ = {isa = PBXBuildFile; fileRef = 9511A260F47C7404FBB53F61; };
		9957D353F08172DCA366A87B /* OnePole.cpp */ = {isa = PBXBuildFile; fileRef = B7584F8D0208D337A2569A5B; };
		9D30B07C4971FC04A3214445 /* DiscRecording.framework */ = {isa = PBXBuildFile; fileRef = 961573154362B376C4F11266; };
		A1D40F2DF691B3E236F1958A /* WebKit.framework */ = {isa = PBXBuildFile; fileRef = 0E5E5BD2089E284B81E7C9A9; };
		A792CD36AF5E37B3836EBBF3 /* include_juce_core.mm */ = {isa = PBXBuildFile; fileRef = 4D1B890DE28F17224A574A9F; };
		B5133C2A2962BC75B5C46773 /* LadderFilter.cpp */ = {isa = PBXBuildFile; fileRef = 0CE235B930F3961E96B7917E; };
		BD429BA39F575D78E7B92F47 /* Cocoa.framework */ = {isa = PBXBuildFile; fileRef = 5CE3AB1D3ADC54DE1CAED823; };
		C593F0B3FC1D9386D54DC5EB /* Accelerate.framework */ = {isa = PBXBuildFile; fileRef = 5433E54814665833519276BE; };
		D1DCEB005F251B67F8798CB5 /* PluginProcessor.cpp */ = {isa = PBXBuildFile; fileRef = 88ADC63A92AC74B19FF7670F; };
		D5FF8A832871BF5DD97E8812 /* AudioUnit.framework */ = {isa = PBXBuildFile; fileRef = 14B8981B373B40A22A10E1F6; };
		D61138D8603CCD414B77101E /* include_juce_audio_plugin_client_AU_1.mm */ = {isa = PBXBuildFile; fileRef = C5821899474A179DE9015DCA; };
		D7BB0BC2AD22BEE80B0B3E63 /* include_juce_audio_devices.mm */ = {isa = PBXBuildFile; fileRef = ACA58FAFC9A5CB1EE7BDFD5F; };
		DB1418B3741EBB130BECE786 /* CoreMIDI.framework */ = {isa = PBXBuildFile; fileRef = 66678742E83AFC0497C1A9EC; };
		DB4596789921B137C4F0FCA5 /* CoreAudioKit.framework */ = {isa = PBXBuildFile; fileRef = 82CE5BAE6F4D7A24BD7C89D4; };
		EA333BF65169C9D25F7D1140 /* include_juce_audio_basics.mm */ = {isa = PBXBuildFile; fileRef = 827E7E4B5570029E4D38B0D9; };
		F15D2B1630A28B226E55D900 /* include_juce_audio_plugin_client_utils.cpp */ = {isa = PBXBuildFile; fileRef = EA3C43D27CFE43473EC7685C; };
		FAFBF60A5416B36209FE5B8C /* include_juce_events.mm */ = {isa = PBXBuildFile; fileRef = 835AC14F2907C6F8A0F10F9B; };
/* End PBXBuildFile section */

/* Begin PBXFileReference section */
		04B8B22BEEF44098E6D54EC6 /* juce_audio_formats */ /* juce_audio_formats */ = {isa = PBXFileReference; lastKnownFileType = folder; name = juce_audio_formats; path = /Users/justin/Documents/Develop/JUCE/modules/juce_audio_formats; sourceTree = "<absolute>"; };
		076385A92AE4CE033E92A001 /* JuceHeader.h */ /* JuceHeader.h */ = {isa = PBXFileReference; lastKnownFileType = sourcecode.c.h; name = JuceHeader.h; path = ../../JuceLibraryCode/JuceHeader.h; sourceTree = SOURCE_ROOT; };
		0CCD3395C494FFB24DF67B16 /* IOKit.framework */ /* IOKit.framework */ = {isa = PBXFileReference; lastKnownFileType = wrapper.framework; name = IOKit.framework; path = System/Library/Frameworks/IOKit.framework; sourceTree = SDKROOT; };
		0CE235B930F3961E96B7917E /* LadderFilter.cpp */ /* LadderFilter.cpp */ = {isa = PBXFileReference; lastKnownFileType = sourcecode.cpp.cpp; name = LadderFilter.cpp; path = ../../Source/LadderFilter.cpp; sourceTree = SOURCE_ROOT; };
		0E5E5BD2089E284B81E7C9A9 /* WebKit.framework */ /* WebKit.framework */ = {isa = PBXFileReference; lastKnownFileType = wrapper.framework; name = WebKit.framework; path = System/Library/Frameworks/WebKit.framework; sourceTree = SDKROOT; };
		13688B25E87E353BE68A8FC7 /* AudioToolbox.framework */ /* AudioToolbox.framework */ = {isa = PBXFileReference; lastKnownFileType = wrapper.framework; name = AudioToolbox.framework; path = System/Library/Frameworks/AudioToolbox.framework; sourceTree = SDKROOT; };
		14B8981B373B40A22A10E1F6 /* AudioUnit.framework */ /* AudioUnit.framework */ = {isa = PBXFileReference; lastKnownFileType = wrapper.framework; name = AudioUnit.framework; path = System/Library/Frameworks/AudioUnit.framework; sourceTree = SDKROOT; };
		17DCCDADE7C325241FF83364 /* Shared Code */ = {isa = PBXFileReference; explicitFileType = archive.ar; includeInIndex = 0; path = libMoogLadderFilter.a; sourceTree = BUILT_PRODUCTS_DIR; };
		1B8E7756D0A82C3C7F803FBA /* CoreAudio.framework */ /* CoreAudio.framework */ = {isa = PBXFileReference; lastKnownFileType = wrapper.framework; name = CoreAudio.framework; path = System/Library/Frameworks/CoreAudio.framework; sourceTree = SDKROOT; };
		1CE45ADC1B2F8FE4140C71C6 /* include_juce_gui_extra.mm */ /* include_juce_gui_extra.mm */ = {isa = PBXFileReference; lastKnownFileType = sourcecode.cpp.objcpp; name = include_juce_gui_extra.mm; path = ../../JuceLibraryCode/include_juce_gui_extra.mm; sourceTree = SOURCE_ROOT; };
		1F6C76B6E0B2A8655740238F /* juce_gui_extra */ /* juce_gui_extra */ = {isa = PBXFileReference; lastKnownFileType = folder; name = juce_gui_extra; path = /Users/justin/Documents/Develop/JUCE/modules/juce_gui_extra; sourceTree = "<absolute>"; };
		3357E92A907AB86A9F9E667F /* OnePole.h */ /* OnePole.h */ = {isa = PBXFileReference; lastKnownFileType = sourcecode.c.h; name = OnePole.h; path = ../../Source/OnePole.h; sourceTree = SOURCE_ROOT; };
		356DDD8D97F12EF8BA12845A /* juce_core */ /* juce_core */ = {isa = PBXFileReference; lastKnownFileType = folder; name = juce_core; path = /Users/justin/Documents/Develop/JUCE/modules/juce_core; sourceTree = "<absolute>"; };
		3A717B7FF19DCACB494DAE9E /* VST3 */ = {isa = PBXFileReference; explicitFileType = wrapper.cfbundle; includeInIndex = 0; path = MoogLadderFilter.vst3; sourceTree = BUILT_PRODUCTS_DIR; };
		3A8C2E4C3F868FD55E9D0171 /* LadderFilter.h */ /* LadderFilter.h */ = {isa = PBXFileReference; lastKnownFileType = sourcecode.c.h; name = LadderFilter.h; path = ../../Source/LadderFilter.h; sourceTree = SOURCE_ROOT; };
		3B3191740C80E1E3530DF8B3 /* include_juce_audio_plugin_client_VST_utils.mm */ /* include_juce_audio_plugin_client_VST_utils.mm */ = {isa = PBXFileReference; lastKnownFileType = sourcecode.cpp.objcpp; name = include_juce_audio_plugin_client_VST_utils.mm; path = ../../JuceLibraryCode/include_juce_audio_plugin_client_VST_utils.mm; sourceTree = SOURCE_ROOT; };
		3E161B8877C90998E45598F1 /* juce_audio_utils */ /* juce_audio_utils */ = {isa = PBXFileReference; lastKnownFileType = folder; name = juce_audio_utils; path = /Users/justin/Documents/Develop/JUCE/modules/juce_audio_utils; sourceTree = "<absolute>"; };
		4731749B0801C26027E42EF3 /* juce_gui_basics */ /* juce_gui_basics */ = {isa = PBXFileReference; lastKnownFileType = folder; name = juce_gui_basics; path = /Users/justin/Documents/Develop/JUCE/modules/juce_gui_basics; sourceTree = "<absolute>"; };
		4D1B890DE28F17224A574A9F /* include_juce_core.mm */ /* include_juce_core.mm */ = {isa = PBXFileReference; lastKnownFileType = sourcecode.cpp.objcpp; name = include_juce_core.mm; path = ../../JuceLibraryCode/include_juce_core.mm; sourceTree = SOURCE_ROOT; };
		5433E54814665833519276BE /* Accelerate.framework */ /* Accelerate.framework */ = {isa = PBXFileReference; lastKnownFileType = wrapper.framework; name = Accelerate.framework; path = System/Library/Frameworks/Accelerate.framework; sourceTree = SDKROOT; };
		5464262AE080CDFACBB970F3 /* include_juce_audio_utils.mm */ /* include_juce_audio_utils.mm */ = {isa = PBXFileReference; lastKnownFileType = sourcecode.cpp.objcpp; name = include_juce_audio_utils.mm; path = ../../JuceLibraryCode/include_juce_audio_utils.mm; sourceTree = SOURCE_ROOT; };
		54C52F6AAB98ED560AB30ECD /* RecentFilesMenuTemplate.nib */ /* RecentFilesMenuTemplate.nib */ = {isa = PBXFileReference; lastKnownFileType = file.nib; name = RecentFilesMenuTemplate.nib; path = RecentFilesMenuTemplate.nib; sourceTree = SOURCE_ROOT; };
		5CE3AB1D3ADC54DE1CAED823 /* Cocoa.framework */ /* Cocoa.framework */ = {isa = PBXFileReference; lastKnownFileType = wrapper.framework; name = Cocoa.framework; path = System/Library/Frameworks/Cocoa.framework; sourceTree = SDKROOT; };
		65FEB8F56AA714045C5F02A9 /* Foundation.framework */ /* Foundation.framework */ = {isa = PBXFileReference; lastKnownFileType = wrapper.framework; name = Foundation.framework; path = System/Library/Frameworks/Foundation.framework; sourceTree = SDKROOT; };
		66678742E83AFC0497C1A9EC /* CoreMIDI.framework */ /* CoreMIDI.framework */ = {isa = PBXFileReference; lastKnownFileType = wrapper.framework; name = CoreMIDI.framework; path = System/Library/Frameworks/CoreMIDI.framework; sourceTree = SDKROOT; };
		736816225C6D842B8354D40B /* include_juce_audio_formats.mm */ /* include_juce_audio_formats.mm */ = {isa = PBXFileReference; lastKnownFileType = sourcecode.cpp.objcpp; name = include_juce_audio_formats.mm; path = ../../JuceLibraryCode/include_juce_audio_formats.mm; sourceTree = SOURCE_ROOT; };
		7574F2FB25786E57AE46C4C6 /* include_juce_gui_basics.mm */ /* include_juce_gui_basics.mm */ = {isa = PBXFileReference; lastKnownFileType = sourcecode.cpp.objcpp; name = include_juce_gui_basics.mm; path = ../../JuceLibraryCode/include_juce_gui_basics.mm; sourceTree = SOURCE_ROOT; };
		7A167E96EA829696D202F8F1 /* juce_audio_basics */ /* juce_audio_basics */ = {isa = PBXFileReference; lastKnownFileType = folder; name = juce_audio_basics; path = /Users/justin/Documents/Develop/JUCE/modules/juce_audio_basics; sourceTree = "<absolute>"; };
		827E7E4B5570029E4D38B0D9 /* include_juce_audio_basics.mm */ /* include_juce_audio_basics.mm */ = {isa = PBXFileReference; lastKnownFileType = sourcecode.cpp.objcpp; name = include_juce_audio_basics.mm; path = ../../JuceLibraryCode/include_juce_audio_basics.mm; sourceTree = SOURCE_ROOT; };
		82CE5BAE6F4D7A24BD7C89D4 /* CoreAudioKit.framework */ /* CoreAudioKit.framework */ = {isa = PBXFileReference; lastKnownFileType = wrapper.framework; name = CoreAudioKit.framework; path = System/Library/Frameworks/CoreAudioKit.framework; sourceTree = SDKROOT; };
		835AC14F2907C6F8A0F10F9B /* include_juce_events.mm */ /* include_juce_events.mm */ = {isa = PBXFileReference; lastKnownFileType = sourcecode.cpp.objcpp; name = include_juce_events.mm; path = ../../JuceLibraryCode/include_juce_events.mm; sourceTree = SOURCE_ROOT; };
		88ADC63A92AC74B19FF7670F /* PluginProcessor.cpp */ /* PluginProcessor.cpp */ = {isa = PBXFileReference; lastKnownFileType = sourcecode.cpp.cpp; name = PluginProcessor.cpp; path = ../../Source/PluginProcessor.cpp; sourceTree = SOURCE_ROOT; };
		8DA7A921CCAF9267971A0DBB /* include_juce_audio_plugin_client_AU_2.mm */ /* include_juce_audio_plugin_client_AU_2.mm */ = {isa = PBXFileReference; lastKnownFileType = sourcecode.cpp.objcpp; name = include_juce_audio_plugin_client_AU_2.mm; path = ../../JuceLibraryCode/include_juce_audio_plugin_client_AU_2.mm; sourceTree = SOURCE_ROOT; };
		9102703F8A48507A06F7249D /* PluginEditor.h */ /* PluginEditor.h */ = {isa = PBXFileReference; lastKnownFileType = sourcecode.c.h; name = PluginEditor.h; path = ../../Source/PluginEditor.h; sourceTree = SOURCE_ROOT; };
		9511A260F47C7404FBB53F61 /* include_juce_audio_plugin_client_AU.r */ /* include_juce_audio_plugin_client_AU.r */ = {isa = PBXFileReference; lastKnownFileType = file.r; name = include_juce_audio_plugin_client_AU.r; path = ../../JuceLibraryCode/include_juce_audio_plugin_client_AU.r; sourceTree = SOURCE_ROOT; };
		961573154362B376C4F11266 /* DiscRecording.framework */ /* DiscRecording.framework */ = {isa = PBXFileReference; lastKnownFileType = wrapper.framework; name = DiscRecording.framework; path = System/Library/Frameworks/DiscRecording.framework; sourceTree = SDKROOT; };
		9BE26CD17EC1EB1B63132291 /* Info-VST3.plist */ /* Info-VST3.plist */ = {isa = PBXFileReference; lastKnownFileType = text.plist.xml; name = "Info-VST3.plist"; path = "Info-VST3.plist"; sourceTree = SOURCE_ROOT; };
		AC1E8D31E4D07EC5D1B08996 /* juce_graphics */ /* juce_graphics */ = {isa = PBXFileReference; lastKnownFileType = folder; name = juce_graphics; path = /Users/justin/Documents/Develop/JUCE/modules/juce_graphics; sourceTree = "<absolute>"; };
		ACA58FAFC9A5CB1EE7BDFD5F /* include_juce_audio_devices.mm */ /* include_juce_audio_devices.mm */ = {isa = PBXFileReference; lastKnownFileType = sourcecode.cpp.objcpp; name = include_juce_audio_devices.mm; path = ../../JuceLibraryCode/include_juce_audio_devices.mm; sourceTree = SOURCE_ROOT; };
		AEFDDE15263B528FF3B200D0 /* PluginProcessor.h */ /* PluginProcessor.h */ = {isa = PBXFileReference; lastKnownFileType = sourcecode.c.h; name = PluginProcessor.h; path = ../../Source/PluginProcessor.h; sourceTree = SOURCE_ROOT; };
		B1FB3FAC9B63161C590BA7E9 /* Info-AU.plist */ /* Info-AU.plist */ = {isa = PBXFileReference; lastKnownFileType = text.plist.xml; name = "Info-AU.plist"; path = "Info-AU.plist"; sourceTree = SOURCE_ROOT; };
		B43D2C0E99F30F54E479D5F6 /* AU */ = {isa = PBXFileReference; explicitFileType = wrapper.cfbundle; includeInIndex = 0; path = MoogLadderFilter.component; sourceTree = BUILT_PRODUCTS_DIR; };
		B6D4B54B4EFF1DAF19148A7B /* include_juce_audio_plugin_client_VST3.cpp */ /* include_juce_audio_plugin_client_VST3.cpp */ = {isa = PBXFileReference; lastKnownFileType = sourcecode.cpp.cpp; name = include_juce_audio_plugin_client_VST3.cpp; path = ../../JuceLibraryCode/include_juce_audio_plugin_client_VST3.cpp; sourceTree = SOURCE_ROOT; };
		B7584F8D0208D337A2569A5B /* OnePole.cpp */ /* OnePole.cpp */ = {isa = PBXFileReference; lastKnownFileType = sourcecode.cpp.cpp; name = OnePole.cpp; path = ../../Source/OnePole.cpp; sourceTree = SOURCE_ROOT; };
		BA5A0D1D9DAF11E120E0F02A /* Carbon.framework */ /* Carbon.framework */ = {isa = PBXFileReference; lastKnownFileType = wrapper.framework; name = Carbon.framework; path = System/Library/Frameworks/Carbon.framework; sourceTree = SDKROOT; };
		BAC8DCB35037AD9B8A777B2F /* juce_data_structures */ /* juce_data_structures */ = {isa = PBXFileReference; lastKnownFileType = folder; name = juce_data_structures; path = /Users/justin/Documents/Develop/JUCE/modules/juce_data_structures; sourceTree = "<absolute>"; };
		BED786C877FB172F59902C5F /* JucePluginDefines.h */ /* JucePluginDefines.h */ = {isa = PBXFileReference; lastKnownFileType = sourcecode.c.h; name = JucePluginDefines.h; path = ../../JuceLibraryCode/JucePluginDefines.h; sourceTree = SOURCE_ROOT; };
		C26A5F9940661366984353EB /* Standalone Plugin */ = {isa = PBXFileReference; explicitFileType = wrapper.application; includeInIndex = 0; path = MoogLadderFilter.app; sourceTree = BUILT_PRODUCTS_DIR; };
		C546B7528B6D15520289559F /* QuartzCore.framework */ /* QuartzCore.framework */ = {isa = PBXFileReference; lastKnownFileType = wrapper.framework; name = QuartzCore.framework; path = System/Library/Frameworks/QuartzCore.framework; sourceTree = SDKROOT; };
		C5821899474A179DE9015DCA /* include_juce_audio_plugin_client_AU_1.mm */ /* include_juce_audio_plugin_client_AU_1.mm */ = {isa = PBXFileReference; lastKnownFileType = sourcecode.cpp.objcpp; name = include_juce_audio_plugin_client_AU_1.mm; path = ../../JuceLibraryCode/include_juce_audio_plugin_client_AU_1.mm; sourceTree = SOURCE_ROOT; };
		C6722B7EC7F1E259C428AC64 /* juce_audio_processors */ /* juce_audio_processors */ = {isa = PBXFileReference; lastKnownFileType = folder; name = juce_audio_processors; path = /Users/justin/Documents/Develop/JUCE/modules/juce_audio_processors; sourceTree = "<absolute>"; };
		C82A79D5D208CEC9A99DF2E7 /* include_juce_data_structures.mm */ /* include_juce_data_structures.mm */ = {isa = PBXFileReference; lastKnownFileType = sourcecode.cpp.objcpp; name = include_juce_data_structures.mm; path = ../../JuceLibraryCode/include_juce_data_structures.mm; sourceTree = SOURCE_ROOT; };
		C9587E1944F5C6F600F17DA4 /* juce_audio_plugin_client */ /* juce_audio_plugin_client */ = {isa = PBXFileReference; lastKnownFileType = folder; name = juce_audio_plugin_client; path = /Users/justin/Documents/Develop/JUCE/modules/juce_audio_plugin_client; sourceTree = "<absolute>"; };
		CA1CEA369161C598D8796EC4 /* include_juce_graphics.mm */ /* include_juce_graphics.mm */ = {isa = PBXFileReference; lastKnownFileType = sourcecode.cpp.objcpp; name = include_juce_graphics.mm; path = ../../JuceLibraryCode/include_juce_graphics.mm; sourceTree = SOURCE_ROOT; };
		DC78D4C202A63E4327DC99B6 /* effect.cpp */ /* effect.cpp */ = {isa = PBXFileReference; lastKnownFileType = sourcecode.cpp.cpp; name = effect.cpp; path = ../../Source/effect.cpp; sourceTree = SOURCE_ROOT; };
		E03FA12F7E93A43D64481175 /* juce_audio_devices */ /* juce_audio_devices */ = {isa = PBXFileReference; lastKnownFileType = folder; name = juce_audio_devices; path = /Users/justin/Documents/Develop/JUCE/modules/juce_audio_devices; sourceTree = "<absolute>"; };
		E1524E7A9CF40CD4F941A9AF /* Info-Standalone_Plugin.plist */ /* Info-Standalone_Plugin.plist */ = {isa = PBXFileReference; lastKnownFileType = text.plist.xml; name = "Info-Standalone_Plugin.plist"; path = "Info-Standalone_Plugin.plist"; sourceTree = SOURCE_ROOT; };
		EA3C43D27CFE43473EC7685C /* include_juce_audio_plugin_client_utils.cpp */ /* include_juce_audio_plugin_client_utils.cpp */ = {isa = PBXFileReference; lastKnownFileType = sourcecode.cpp.cpp; name = include_juce_audio_plugin_client_utils.cpp; path = ../../JuceLibraryCode/include_juce_audio_plugin_client_utils.cpp; sourceTree = SOURCE_ROOT; };
		EF05AF59384FB6C7BA12709A /* effect.h */ /* effect.h */ = {isa = PBXFileReference; lastKnownFileType = sourcecode.c.h; name = effect.h; path = ../../Source/effect.h; sourceTree = SOURCE_ROOT; };
		EF198997D0633B70611C09C8 /* PluginEditor.cpp */ /* PluginEditor.cpp */ = {isa = PBXFileReference; lastKnownFileType = sourcecode.cpp.cpp; name = PluginEditor.cpp; path = ../../Source/PluginEditor.cpp; sourceTree = SOURCE_ROOT; };
		EF57E1F492DD5DBDBAF5E89D /* include_juce_audio_processors.mm */ /* include_juce_audio_processors.mm */ = {isa = PBXFileReference; lastKnownFileType = sourcecode.cpp.objcpp; name = include_juce_audio_processors.mm; path = ../../JuceLibraryCode/include_juce_audio_processors.mm; sourceTree = SOURCE_ROOT; };
		EFDDEB566141A183028503E5 /* juce_events */ /* juce_events */ = {isa = PBXFileReference; lastKnownFileType = folder; name = juce_events; path = /Users/justin/Documents/Develop/JUCE/modules/juce_events; sourceTree = "<absolute>"; };
		F0E73D279EF494B2F363F879 /* include_juce_audio_plugin_client_Standalone.cpp */ /* include_juce_audio_plugin_client_Standalone.cpp */ = {isa = PBXFileReference; lastKnownFileType = sourcecode.cpp.cpp; name = include_juce_audio_plugin_client_Standalone.cpp; path = ../../JuceLibraryCode/include_juce_audio_plugin_client_Standalone.cpp; sourceTree = SOURCE_ROOT; };
/* End PBXFileReference section */

/* Begin PBXFrameworksBuildPhase section */
		1DA2BA756AF803A28BFE0295 = {
			isa = PBXFrameworksBuildPhase;
			buildActionMask = 2147483647;
			files = (
				D5FF8A832871BF5DD97E8812,
				C593F0B3FC1D9386D54DC5EB,
				5A1F73FE8E5868F92641DDDB,
				5468B1A3FE1FC8A977AEE6B7,
				BD429BA39F575D78E7B92F47,
				734C2354B5EF48F711000CC1,
				DB4596789921B137C4F0FCA5,
				DB1418B3741EBB130BECE786,
				9D30B07C4971FC04A3214445,
				8C31DEA5BEDE4E4AD1175634,
				33CD471F74BB332583533A08,
				29DA1E7B1B3A5A4548AD5036,
				A1D40F2DF691B3E236F1958A,
			);
			runOnlyForDeploymentPostprocessing = 0;
		};
		35E88FD466CB74647F907ABC = {
			isa = PBXFrameworksBuildPhase;
			buildActionMask = 2147483647;
			files = (
				C593F0B3FC1D9386D54DC5EB,
				5A1F73FE8E5868F92641DDDB,
				5468B1A3FE1FC8A977AEE6B7,
				BD429BA39F575D78E7B92F47,
				734C2354B5EF48F711000CC1,
				DB4596789921B137C4F0FCA5,
				DB1418B3741EBB130BECE786,
				9D30B07C4971FC04A3214445,
				8C31DEA5BEDE4E4AD1175634,
				33CD471F74BB332583533A08,
				29DA1E7B1B3A5A4548AD5036,
				A1D40F2DF691B3E236F1958A,
			);
			runOnlyForDeploymentPostprocessing = 0;
		};
		AAD51CE5EAD551435FAC00A5 = {
			isa = PBXFrameworksBuildPhase;
			buildActionMask = 2147483647;
			files = (
				C593F0B3FC1D9386D54DC5EB,
				5A1F73FE8E5868F92641DDDB,
				5468B1A3FE1FC8A977AEE6B7,
				BD429BA39F575D78E7B92F47,
				734C2354B5EF48F711000CC1,
				DB4596789921B137C4F0FCA5,
				DB1418B3741EBB130BECE786,
				9D30B07C4971FC04A3214445,
				8C31DEA5BEDE4E4AD1175634,
				33CD471F74BB332583533A08,
				29DA1E7B1B3A5A4548AD5036,
				A1D40F2DF691B3E236F1958A,
			);
			runOnlyForDeploymentPostprocessing = 0;
		};
/* End PBXFrameworksBuildPhase section */

/* Begin PBXGroup section */
		163AAC01A00019B997CACD94 /* MoogLadderFilter */ = {
			isa = PBXGroup;
			children = (
				BC577C57EBDEDAB5F7AD4DA0,
			);
			name = MoogLadderFilter;
			sourceTree = "<group>";
		};
		43D598B5B6A60D9F94EC2A21 /* JUCE Library Code */ = {
			isa = PBXGroup;
			children = (
				827E7E4B5570029E4D38B0D9,
				ACA58FAFC9A5CB1EE7BDFD5F,
				736816225C6D842B8354D40B,
				9511A260F47C7404FBB53F61,
				C5821899474A179DE9015DCA,
				8DA7A921CCAF9267971A0DBB,
				F0E73D279EF494B2F363F879,
				EA3C43D27CFE43473EC7685C,
				3B3191740C80E1E3530DF8B3,
				B6D4B54B4EFF1DAF19148A7B,
				EF57E1F492DD5DBDBAF5E89D,
				5464262AE080CDFACBB970F3,
				4D1B890DE28F17224A574A9F,
				C82A79D5D208CEC9A99DF2E7,
				835AC14F2907C6F8A0F10F9B,
				CA1CEA369161C598D8796EC4,
				7574F2FB25786E57AE46C4C6,
				1CE45ADC1B2F8FE4140C71C6,
				076385A92AE4CE033E92A001,
				BED786C877FB172F59902C5F,
			);
			name = "JUCE Library Code";
			sourceTree = "<group>";
		};
		4AC6C5831F3D557D80AFD001 /* JUCE Modules */ = {
			isa = PBXGroup;
			children = (
				7A167E96EA829696D202F8F1,
				E03FA12F7E93A43D64481175,
				04B8B22BEEF44098E6D54EC6,
				C9587E1944F5C6F600F17DA4,
				C6722B7EC7F1E259C428AC64,
				3E161B8877C90998E45598F1,
				356DDD8D97F12EF8BA12845A,
				BAC8DCB35037AD9B8A777B2F,
				EFDDEB566141A183028503E5,
				AC1E8D31E4D07EC5D1B08996,
				4731749B0801C26027E42EF3,
				1F6C76B6E0B2A8655740238F,
			);
			name = "JUCE Modules";
			sourceTree = "<group>";
		};
		4BC0DBB057CF0D9B99750B91 /* Source */ = {
			isa = PBXGroup;
			children = (
				163AAC01A00019B997CACD94,
				4AC6C5831F3D557D80AFD001,
				43D598B5B6A60D9F94EC2A21,
				BA4FB6492F90777635981021,
				EB7F3320530D223A3CED3D0A,
				96339003F0014F3F661C0184,
			);
			name = Source;
			sourceTree = "<group>";
		};
		96339003F0014F3F661C0184 /* Products */ = {
			isa = PBXGroup;
			children = (
				3A717B7FF19DCACB494DAE9E,
				B43D2C0E99F30F54E479D5F6,
				C26A5F9940661366984353EB,
				17DCCDADE7C325241FF83364,
			);
			name = Products;
			sourceTree = "<group>";
		};
		BA4FB6492F90777635981021 /* Resources */ = {
			isa = PBXGroup;
			children = (
				9BE26CD17EC1EB1B63132291,
				B1FB3FAC9B63161C590BA7E9,
				E1524E7A9CF40CD4F941A9AF,
				54C52F6AAB98ED560AB30ECD,
			);
			name = Resources;
			sourceTree = "<group>";
		};
		BC577C57EBDEDAB5F7AD4DA0 /* Source */ = {
			isa = PBXGroup;
			children = (
				3357E92A907AB86A9F9E667F,
				B7584F8D0208D337A2569A5B,
				3A8C2E4C3F868FD55E9D0171,
				0CE235B930F3961E96B7917E,
				EF05AF59384FB6C7BA12709A,
				DC78D4C202A63E4327DC99B6,
				88ADC63A92AC74B19FF7670F,
				AEFDDE15263B528FF3B200D0,
				EF198997D0633B70611C09C8,
				9102703F8A48507A06F7249D,
			);
			name = Source;
			sourceTree = "<group>";
		};
		EB7F3320530D223A3CED3D0A /* Frameworks */ = {
			isa = PBXGroup;
			children = (
				14B8981B373B40A22A10E1F6,
				5433E54814665833519276BE,
				13688B25E87E353BE68A8FC7,
				BA5A0D1D9DAF11E120E0F02A,
				5CE3AB1D3ADC54DE1CAED823,
				1B8E7756D0A82C3C7F803FBA,
				82CE5BAE6F4D7A24BD7C89D4,
				66678742E83AFC0497C1A9EC,
				961573154362B376C4F11266,
				65FEB8F56AA714045C5F02A9,
				0CCD3395C494FFB24DF67B16,
				C546B7528B6D15520289559F,
				0E5E5BD2089E284B81E7C9A9,
			);
			name = Frameworks;
			sourceTree = "<group>";
		};
/* End PBXGroup section */

/* Begin PBXNativeTarget section */
		0FF6F82C87F488031DB28E44 /* MoogLadderFilter - VST3 */ = {
			isa = PBXNativeTarget;
			buildConfigurationList = F0732B004987CEFAC028C7A3;
			buildPhases = (
				4F48B9E5E3FF66A546F0C230,
				8C7EFC788F87A39C0E6A0B59,
				AAD51CE5EAD551435FAC00A5,
			);
			buildRules = (
			);
			dependencies = (
				B9C2569568FD76930EFDDE2F,
			);
			name = "MoogLadderFilter - VST3";
			productName = MoogLadderFilter;
			productReference = 3A717B7FF19DCACB494DAE9E;
			productType = "com.apple.product-type.bundle";
		};
		5A5F1020EB6844F749DA2EF8 /* MoogLadderFilter - AU */ = {
			isa = PBXNativeTarget;
			buildConfigurationList = 2EB6EBF83C337C2A6464E907;
			buildPhases = (
				0D28F015D806EFADD5D01969,
				DEF937251A9FCB4787B97F74,
				0ACE83045D39D04D22124672,
				1DA2BA756AF803A28BFE0295,
			);
			buildRules = (
			);
			dependencies = (
				8930C9C5E844CA959EA960FF,
			);
			name = "MoogLadderFilter - AU";
			productName = MoogLadderFilter;
			productReference = B43D2C0E99F30F54E479D5F6;
			productType = "com.apple.product-type.bundle";
		};
		8C70B0D46C8F9AB19407BD1B /* MoogLadderFilter - Shared Code */ = {
			isa = PBXNativeTarget;
			buildConfigurationList = E3FCF4E6375546710A467B25;
			buildPhases = (
				9422F6A0D9F64AD3A84EDA7D,
			);
			buildRules = (
			);
			dependencies = (
			);
			name = "MoogLadderFilter - Shared Code";
			productName = MoogLadderFilter;
			productReference = 17DCCDADE7C325241FF83364;
			productType = "com.apple.product-type.library.static";
		};
		FA411E6EA0E4811DCC2EFA59 /* MoogLadderFilter - Standalone Plugin */ = {
			isa = PBXNativeTarget;
			buildConfigurationList = FF6DAA794184A4005BCFCAFA;
			buildPhases = (
				7C6847C52E15E0218D5BC8F8,
				431DC3DC139774A16D32B6CC,
				35E88FD466CB74647F907ABC,
			);
			buildRules = (
			);
			dependencies = (
				EEBB1E50EF57C6CACCA5199A,
			);
			name = "MoogLadderFilter - Standalone Plugin";
			productName = MoogLadderFilter;
			productReference = C26A5F9940661366984353EB;
			productType = "com.apple.product-type.application";
		};
/* End PBXNativeTarget section */

/* Begin PBXProject section */
		2A86C4EA4C7DA53A06C5A040 = {
			isa = PBXProject;
			attributes = {
				LastUpgradeCheck = 1320;
				ORGANIZATIONNAME = "";
				TargetAttributes = {
					0FF6F82C87F488031DB28E44 = {
						SystemCapabilities = {
							com.apple.ApplicationGroups.iOS = {
								enabled = 0;
							};
							com.apple.HardenedRuntime = {
								enabled = 0;
							};
							com.apple.InAppPurchase = {
								enabled = 0;
							};
							com.apple.InterAppAudio = {
								enabled = 0;
							};
							com.apple.Push = {
								enabled = 0;
							};
							com.apple.Sandbox = {
								enabled = 0;
							};
						};
					};
					5A5F1020EB6844F749DA2EF8 = {
						SystemCapabilities = {
							com.apple.ApplicationGroups.iOS = {
								enabled = 0;
							};
							com.apple.HardenedRuntime = {
								enabled = 0;
							};
							com.apple.InAppPurchase = {
								enabled = 0;
							};
							com.apple.InterAppAudio = {
								enabled = 0;
							};
							com.apple.Push = {
								enabled = 0;
							};
							com.apple.Sandbox = {
								enabled = 0;
							};
						};
					};
					8C70B0D46C8F9AB19407BD1B = {
						SystemCapabilities = {
							com.apple.ApplicationGroups.iOS = {
								enabled = 0;
							};
							com.apple.HardenedRuntime = {
								enabled = 0;
							};
							com.apple.InAppPurchase = {
								enabled = 0;
							};
							com.apple.InterAppAudio = {
								enabled = 0;
							};
							com.apple.Push = {
								enabled = 0;
							};
							com.apple.Sandbox = {
								enabled = 0;
							};
						};
					};
					E8DC0A02BF9BE37C411C3E3E = {
						SystemCapabilities = {
							com.apple.ApplicationGroups.iOS = {
								enabled = 0;
							};
							com.apple.HardenedRuntime = {
								enabled = 0;
							};
							com.apple.InAppPurchase = {
								enabled = 0;
							};
							com.apple.InterAppAudio = {
								enabled = 0;
							};
							com.apple.Push = {
								enabled = 0;
							};
							com.apple.Sandbox = {
								enabled = 0;
							};
						};
					};
					FA411E6EA0E4811DCC2EFA59 = {
						SystemCapabilities = {
							com.apple.ApplicationGroups.iOS = {
								enabled = 0;
							};
							com.apple.HardenedRuntime = {
								enabled = 0;
							};
							com.apple.InAppPurchase = {
								enabled = 0;
							};
							com.apple.InterAppAudio = {
								enabled = 0;
							};
							com.apple.Push = {
								enabled = 0;
							};
							com.apple.Sandbox = {
								enabled = 0;
							};
						};
					};
				};
			};
			buildConfigurationList = 5C4B4AE61F8EAA4E48B084B3;
			compatibilityVersion = "Xcode 3.2";
			hasScannedForEncodings = 0;
			knownRegions = (
				en,
				Base,
			);
			mainGroup = 4BC0DBB057CF0D9B99750B91;
			projectDirPath = "";
			projectRoot = "";
			targets = (
				E8DC0A02BF9BE37C411C3E3E,
				0FF6F82C87F488031DB28E44,
				5A5F1020EB6844F749DA2EF8,
				FA411E6EA0E4811DCC2EFA59,
				8C70B0D46C8F9AB19407BD1B,
			);
		};
/* End PBXProject section */

/* Begin PBXResourcesBuildPhase section */
		0D28F015D806EFADD5D01969 = {
			isa = PBXResourcesBuildPhase;
			buildActionMask = 2147483647;
			files = (
				4BD11FD44AE2D0D5C27FD52B,
			);
			runOnlyForDeploymentPostprocessing = 0;
		};
		4F48B9E5E3FF66A546F0C230 = {
			isa = PBXResourcesBuildPhase;
			buildActionMask = 2147483647;
			files = (
				4BD11FD44AE2D0D5C27FD52B,
			);
			runOnlyForDeploymentPostprocessing = 0;
		};
		7C6847C52E15E0218D5BC8F8 = {
			isa = PBXResourcesBuildPhase;
			buildActionMask = 2147483647;
			files = (
				4BD11FD44AE2D0D5C27FD52B,
			);
			runOnlyForDeploymentPostprocessing = 0;
		};
/* End PBXResourcesBuildPhase section */

/* Begin PBXRezBuildPhase section */
		DEF937251A9FCB4787B97F74 = {
			isa = PBXRezBuildPhase;
			buildActionMask = 2147483647;
			files = (
				9548C8CC15F75A7208DE693C,
			);
			runOnlyForDeploymentPostprocessing = 0;
		};
/* End PBXRezBuildPhase section */

/* Begin PBXSourcesBuildPhase section */
		0ACE83045D39D04D22124672 = {
			isa = PBXSourcesBuildPhase;
			buildActionMask = 2147483647;
			files = (
				D61138D8603CCD414B77101E,
				6F6BB7A20FDC9DC912944835,
			);
			runOnlyForDeploymentPostprocessing = 0;
		};
		431DC3DC139774A16D32B6CC = {
			isa = PBXSourcesBuildPhase;
			buildActionMask = 2147483647;
			files = (
				4A61CC7B48E1BC013D69ABA5,
			);
			runOnlyForDeploymentPostprocessing = 0;
		};
		8C7EFC788F87A39C0E6A0B59 = {
			isa = PBXSourcesBuildPhase;
			buildActionMask = 2147483647;
			files = (
				01862C197F3F9B42A56E028F,
			);
			runOnlyForDeploymentPostprocessing = 0;
		};
		9422F6A0D9F64AD3A84EDA7D = {
			isa = PBXSourcesBuildPhase;
			buildActionMask = 2147483647;
			files = (
				9957D353F08172DCA366A87B,
				B5133C2A2962BC75B5C46773,
				812C6A6D9C3A1339CB60AE96,
				D1DCEB005F251B67F8798CB5,
				3C7EE37B2CF3E1B3694C63E2,
				EA333BF65169C9D25F7D1140,
				D7BB0BC2AD22BEE80B0B3E63,
				3BBECF23D3C8A21424CDD255,
				F15D2B1630A28B226E55D900,
				8969B0DC91247F015A688C65,
				2053C2F99AB9614FE67AE58D,
				2C404499FC439C6313E2FDCD,
				A792CD36AF5E37B3836EBBF3,
				48CD05E8204D9A889D275EF5,
				FAFBF60A5416B36209FE5B8C,
				0425ECBC4C0E38D32AA4B9F5,
				4BFCA1F68A77520403CA5C0D,
				087830EC42541AF3FF2C8763,
			);
			runOnlyForDeploymentPostprocessing = 0;
		};
/* End PBXSourcesBuildPhase section */

/* Begin PBXTargetDependency section */
		2A4327A0DAEB3BEBDC4B4E16 = {
			isa = PBXTargetDependency;
			target = FA411E6EA0E4811DCC2EFA59;
		};
		67EF9656BD78F2FC31AB16CD = {
			isa = PBXTargetDependency;
			target = 8C70B0D46C8F9AB19407BD1B;
		};
		8930C9C5E844CA959EA960FF = {
			isa = PBXTargetDependency;
			target = 8C70B0D46C8F9AB19407BD1B;
		};
		B9C2569568FD76930EFDDE2F = {
			isa = PBXTargetDependency;
			target = 8C70B0D46C8F9AB19407BD1B;
		};
		BD4948AF262FB7CAA4746027 = {
			isa = PBXTargetDependency;
			target = 0FF6F82C87F488031DB28E44;
		};
		D686E12B82EE52CA749376A8 = {
			isa = PBXTargetDependency;
			target = 5A5F1020EB6844F749DA2EF8;
		};
		EEBB1E50EF57C6CACCA5199A = {
			isa = PBXTargetDependency;
			target = 8C70B0D46C8F9AB19407BD1B;
		};
/* End PBXTargetDependency section */

/* Begin XCBuildConfiguration section */
		03F35EA3A71E1AD6F8CD2DF0 /* Debug */ = {
			isa = XCBuildConfiguration;
			buildSettings = {
				CLANG_CXX_LANGUAGE_STANDARD = "c++20";
				CLANG_CXX_LIBRARY = "libc++";
				CLANG_LINK_OBJC_RUNTIME = NO;
				CODE_SIGN_IDENTITY = "";
				COMBINE_HIDPI_IMAGES = YES;
				CONFIGURATION_BUILD_DIR = "$(PROJECT_DIR)/build/$(CONFIGURATION)";
				COPY_PHASE_STRIP = NO;
				DEPLOYMENT_LOCATION = YES;
				DSTROOT = /;
				EXCLUDED_ARCHS = "";
				GCC_DYNAMIC_NO_PIC = NO;
				GCC_OPTIMIZATION_LEVEL = 0;
				GCC_PREPROCESSOR_DEFINITIONS = (
					"_DEBUG=1",
					"DEBUG=1",
					"JUCE_DISPLAY_SPLASH_SCREEN=1",
					"JUCE_USE_DARK_SPLASH_SCREEN=1",
					"JUCE_PROJUCER_VERSION=0x60106",
					"JUCE_MODULE_AVAILABLE_juce_audio_basics=1",
					"JUCE_MODULE_AVAILABLE_juce_audio_devices=1",
					"JUCE_MODULE_AVAILABLE_juce_audio_formats=1",
					"JUCE_MODULE_AVAILABLE_juce_audio_plugin_client=1",
					"JUCE_MODULE_AVAILABLE_juce_audio_processors=1",
					"JUCE_MODULE_AVAILABLE_juce_audio_utils=1",
					"JUCE_MODULE_AVAILABLE_juce_core=1",
					"JUCE_MODULE_AVAILABLE_juce_data_structures=1",
					"JUCE_MODULE_AVAILABLE_juce_events=1",
					"JUCE_MODULE_AVAILABLE_juce_graphics=1",
					"JUCE_MODULE_AVAILABLE_juce_gui_basics=1",
					"JUCE_MODULE_AVAILABLE_juce_gui_extra=1",
					"JUCE_GLOBAL_MODULE_SETTINGS_INCLUDED=1",
					"JUCE_VST3_CAN_REPLACE_VST2=0",
					"JUCE_STRICT_REFCOUNTEDPOINTER=1",
					"JucePlugin_Build_VST=0",
					"JucePlugin_Build_VST3=1",
					"JucePlugin_Build_AU=0",
					"JucePlugin_Build_AUv3=0",
					"JucePlugin_Build_RTAS=0",
					"JucePlugin_Build_AAX=0",
					"JucePlugin_Build_Standalone=0",
					"JucePlugin_Build_Unity=0",
					"JucePlugin_Enable_IAA=0",
					"JucePlugin_Name=\\\"MoogLadderFilter\\\"",
					"JucePlugin_Desc=\\\"MoogLadderFilter\\\"",
					"JucePlugin_Manufacturer=\\\"yourcompany\\\"",
					"JucePlugin_ManufacturerWebsite=\\\"\\\"",
					"JucePlugin_ManufacturerEmail=\\\"\\\"",
					"JucePlugin_ManufacturerCode=0x4d616e75",
					"JucePlugin_PluginCode=0x55756a78",
					"JucePlugin_IsSynth=0",
					"JucePlugin_WantsMidiInput=0",
					"JucePlugin_ProducesMidiOutput=0",
					"JucePlugin_IsMidiEffect=0",
					"JucePlugin_EditorRequiresKeyboardFocus=0",
					"JucePlugin_Version=1.0.0",
					"JucePlugin_VersionCode=0x10000",
					"JucePlugin_VersionString=\\\"1.0.0\\\"",
					"JucePlugin_VSTUniqueID=JucePlugin_PluginCode",
					"JucePlugin_VSTCategory=kPlugCategEffect",
					"JucePlugin_Vst3Category=\\\"Fx\\\"",
					"JucePlugin_AUMainType=\\'aufx\\'",
					"JucePlugin_AUSubType=JucePlugin_PluginCode",
					"JucePlugin_AUExportPrefix=MoogLadderFilterAU",
					"JucePlugin_AUExportPrefixQuoted=\\\"MoogLadderFilterAU\\\"",
					"JucePlugin_AUManufacturerCode=JucePlugin_ManufacturerCode",
					"JucePlugin_CFBundleIdentifier=com.yourcompany.MoogLadderFilter",
					"JucePlugin_RTASCategory=0",
					"JucePlugin_RTASManufacturerCode=JucePlugin_ManufacturerCode",
					"JucePlugin_RTASProductId=JucePlugin_PluginCode",
					"JucePlugin_RTASDisableBypass=0",
					"JucePlugin_RTASDisableMultiMono=0",
					"JucePlugin_AAXIdentifier=com.yourcompany.MoogLadderFilter",
					"JucePlugin_AAXManufacturerCode=JucePlugin_ManufacturerCode",
					"JucePlugin_AAXProductId=JucePlugin_PluginCode",
					"JucePlugin_AAXCategory=0",
					"JucePlugin_AAXDisableBypass=0",
					"JucePlugin_AAXDisableMultiMono=0",
					"JucePlugin_IAAType=0x61757278",
					"JucePlugin_IAASubType=JucePlugin_PluginCode",
					"JucePlugin_IAAName=\\\"yourcompany:\\ MoogLadderFilter\\\"",
					"JucePlugin_VSTNumMidiInputs=16",
					"JucePlugin_VSTNumMidiOutputs=16",
					"JUCE_STANDALONE_APPLICATION=JucePlugin_Build_Standalone",
					"JUCER_XCODE_MAC_F6D2F4CF=1",
					"JUCE_APP_VERSION=1.0.0",
					"JUCE_APP_VERSION_HEX=0x10000",
				);
				GCC_VERSION = com.apple.compilers.llvm.clang.1_0;
				GENERATE_PKGINFO_FILE = YES;
				HEADER_SEARCH_PATHS = (
					"/Users/justin/Documents/Develop/JUCE/modules/juce_audio_processors/format_types/VST3_SDK",
					"$(SRCROOT)/../../JuceLibraryCode",
					"/Users/justin/Documents/Develop/JUCE/modules",
					"/Users/justin/Documents/Develop/JUCE/modules/juce_audio_plugin_client",
					"$(inherited)",
				);
				INFOPLIST_FILE = Info-VST3.plist;
				INFOPLIST_PREPROCESS = NO;
				INSTALL_PATH = "$(HOME)/Library/Audio/Plug-Ins/VST3/";
				LIBRARY_STYLE = Bundle;
				MACOSX_DEPLOYMENT_TARGET = 10.11;
				MTL_HEADER_SEARCH_PATHS = "/Users/justin/Documents/Develop/JUCE/modules/juce_audio_processors/format_types/VST3_SDK $(SRCROOT)/../../JuceLibraryCode /Users/justin/Documents/Develop/JUCE/modules /Users/justin/Documents/Develop/JUCE/modules/juce_audio_plugin_client";
				OTHER_LDFLAGS = "-bundle -lMoogLadderFilter";
				PRODUCT_BUNDLE_IDENTIFIER = com.yourcompany.MoogLadderFilter;
				PRODUCT_NAME = "MoogLadderFilter";
				USE_HEADERMAP = NO;
				VALID_ARCHS = "i386 x86_64 arm64 arm64e";
				WRAPPER_EXTENSION = vst3;
			};
			name = Debug;
		};
		0888A02BB52A437E41FFF9A4 /* Debug */ = {
			isa = XCBuildConfiguration;
			buildSettings = {
				MACOSX_DEPLOYMENT_TARGET = 10.11;
				SDKROOT = macosx;
			};
			name = Debug;
		};
		25E520DCF9615FC3E92E46E4 /* Debug */ = {
			isa = XCBuildConfiguration;
			buildSettings = {
				ALWAYS_SEARCH_USER_PATHS = NO;
				CLANG_ENABLE_OBJC_WEAK = YES;
				CLANG_WARN_BLOCK_CAPTURE_AUTORELEASING = YES;
				CLANG_WARN_BOOL_CONVERSION = YES;
				CLANG_WARN_COMMA = YES;
				CLANG_WARN_CONSTANT_CONVERSION = YES;
				CLANG_WARN_DEPRECATED_OBJC_IMPLEMENTATIONS = YES;
				CLANG_WARN_EMPTY_BODY = YES;
				CLANG_WARN_ENUM_CONVERSION = YES;
				CLANG_WARN_INFINITE_RECURSION = YES;
				CLANG_WARN_INT_CONVERSION = YES;
				CLANG_WARN_NON_LITERAL_NULL_CONVERSION = YES;
				CLANG_WARN_OBJC_IMPLICIT_RETAIN_SELF = YES;
				CLANG_WARN_OBJC_LITERAL_CONVERSION = YES;
				CLANG_WARN_RANGE_LOOP_ANALYSIS = YES;
				CLANG_WARN_STRICT_PROTOTYPES = YES;
				CLANG_WARN_SUSPICIOUS_MOVE = YES;
				CLANG_WARN_UNREACHABLE_CODE = YES;
				CLANG_WARN__DUPLICATE_METHOD_MATCH = YES;
				CODE_SIGN_IDENTITY = "";
				DEBUG_INFORMATION_FORMAT = dwarf;
				ENABLE_STRICT_OBJC_MSGSEND = YES;
				ENABLE_TESTABILITY = NO;
				GCC_C_LANGUAGE_STANDARD = c11;
				GCC_INLINES_ARE_PRIVATE_EXTERN = YES;
				GCC_MODEL_TUNING = G5;
				GCC_NO_COMMON_BLOCKS = YES;
				GCC_SYMBOLS_PRIVATE_EXTERN = YES;
				GCC_WARN_64_TO_32_BIT_CONVERSION = YES;
				GCC_WARN_ABOUT_RETURN_TYPE = YES;
				GCC_WARN_CHECK_SWITCH_STATEMENTS = YES;
				GCC_WARN_MISSING_PARENTHESES = YES;
				GCC_WARN_NON_VIRTUAL_DESTRUCTOR = YES;
				GCC_WARN_TYPECHECK_CALLS_TO_PRINTF = YES;
				GCC_WARN_UNDECLARED_SELECTOR = YES;
				GCC_WARN_UNINITIALIZED_AUTOS = YES;
				GCC_WARN_UNUSED_FUNCTION = YES;
				GCC_WARN_UNUSED_VARIABLE = YES;
				ONLY_ACTIVE_ARCH = YES;
				PRODUCT_NAME = "MoogLadderFilter";
				SDKROOT = macosx;
				WARNING_CFLAGS = "-Wreorder";
				ZERO_LINK = NO;
			};
			name = Debug;
		};
		34AB49041F9D3AE1E3F2BBA1 /* Debug */ = {
			isa = XCBuildConfiguration;
			buildSettings = {
				CLANG_CXX_LANGUAGE_STANDARD = "c++20";
				CLANG_CXX_LIBRARY = "libc++";
				CLANG_LINK_OBJC_RUNTIME = NO;
				CODE_SIGN_IDENTITY = "";
				COMBINE_HIDPI_IMAGES = YES;
				CONFIGURATION_BUILD_DIR = "$(PROJECT_DIR)/build/$(CONFIGURATION)";
				COPY_PHASE_STRIP = NO;
				EXCLUDED_ARCHS = "";
				GCC_DYNAMIC_NO_PIC = NO;
				GCC_OPTIMIZATION_LEVEL = 0;
				GCC_PREPROCESSOR_DEFINITIONS = (
					"_DEBUG=1",
					"DEBUG=1",
					"JUCE_DISPLAY_SPLASH_SCREEN=1",
					"JUCE_USE_DARK_SPLASH_SCREEN=1",
					"JUCE_PROJUCER_VERSION=0x60106",
					"JUCE_MODULE_AVAILABLE_juce_audio_basics=1",
					"JUCE_MODULE_AVAILABLE_juce_audio_devices=1",
					"JUCE_MODULE_AVAILABLE_juce_audio_formats=1",
					"JUCE_MODULE_AVAILABLE_juce_audio_plugin_client=1",
					"JUCE_MODULE_AVAILABLE_juce_audio_processors=1",
					"JUCE_MODULE_AVAILABLE_juce_audio_utils=1",
					"JUCE_MODULE_AVAILABLE_juce_core=1",
					"JUCE_MODULE_AVAILABLE_juce_data_structures=1",
					"JUCE_MODULE_AVAILABLE_juce_events=1",
					"JUCE_MODULE_AVAILABLE_juce_graphics=1",
					"JUCE_MODULE_AVAILABLE_juce_gui_basics=1",
					"JUCE_MODULE_AVAILABLE_juce_gui_extra=1",
					"JUCE_GLOBAL_MODULE_SETTINGS_INCLUDED=1",
					"JUCE_VST3_CAN_REPLACE_VST2=0",
					"JUCE_STRICT_REFCOUNTEDPOINTER=1",
					"JucePlugin_Build_VST=0",
					"JucePlugin_Build_VST3=0",
					"JucePlugin_Build_AU=0",
					"JucePlugin_Build_AUv3=0",
					"JucePlugin_Build_RTAS=0",
					"JucePlugin_Build_AAX=0",
					"JucePlugin_Build_Standalone=1",
					"JucePlugin_Build_Unity=0",
					"JucePlugin_Enable_IAA=0",
					"JucePlugin_Name=\\\"MoogLadderFilter\\\"",
					"JucePlugin_Desc=\\\"MoogLadderFilter\\\"",
					"JucePlugin_Manufacturer=\\\"yourcompany\\\"",
					"JucePlugin_ManufacturerWebsite=\\\"\\\"",
					"JucePlugin_ManufacturerEmail=\\\"\\\"",
					"JucePlugin_ManufacturerCode=0x4d616e75",
					"JucePlugin_PluginCode=0x55756a78",
					"JucePlugin_IsSynth=0",
					"JucePlugin_WantsMidiInput=0",
					"JucePlugin_ProducesMidiOutput=0",
					"JucePlugin_IsMidiEffect=0",
					"JucePlugin_EditorRequiresKeyboardFocus=0",
					"JucePlugin_Version=1.0.0",
					"JucePlugin_VersionCode=0x10000",
					"JucePlugin_VersionString=\\\"1.0.0\\\"",
					"JucePlugin_VSTUniqueID=JucePlugin_PluginCode",
					"JucePlugin_VSTCategory=kPlugCategEffect",
					"JucePlugin_Vst3Category=\\\"Fx\\\"",
					"JucePlugin_AUMainType=\\'aufx\\'",
					"JucePlugin_AUSubType=JucePlugin_PluginCode",
					"JucePlugin_AUExportPrefix=MoogLadderFilterAU",
					"JucePlugin_AUExportPrefixQuoted=\\\"MoogLadderFilterAU\\\"",
					"JucePlugin_AUManufacturerCode=JucePlugin_ManufacturerCode",
					"JucePlugin_CFBundleIdentifier=com.yourcompany.MoogLadderFilter",
					"JucePlugin_RTASCategory=0",
					"JucePlugin_RTASManufacturerCode=JucePlugin_ManufacturerCode",
					"JucePlugin_RTASProductId=JucePlugin_PluginCode",
					"JucePlugin_RTASDisableBypass=0",
					"JucePlugin_RTASDisableMultiMono=0",
					"JucePlugin_AAXIdentifier=com.yourcompany.MoogLadderFilter",
					"JucePlugin_AAXManufacturerCode=JucePlugin_ManufacturerCode",
					"JucePlugin_AAXProductId=JucePlugin_PluginCode",
					"JucePlugin_AAXCategory=0",
					"JucePlugin_AAXDisableBypass=0",
					"JucePlugin_AAXDisableMultiMono=0",
					"JucePlugin_IAAType=0x61757278",
					"JucePlugin_IAASubType=JucePlugin_PluginCode",
					"JucePlugin_IAAName=\\\"yourcompany:\\ MoogLadderFilter\\\"",
					"JucePlugin_VSTNumMidiInputs=16",
					"JucePlugin_VSTNumMidiOutputs=16",
					"JUCE_STANDALONE_APPLICATION=JucePlugin_Build_Standalone",
					"JUCER_XCODE_MAC_F6D2F4CF=1",
					"JUCE_APP_VERSION=1.0.0",
					"JUCE_APP_VERSION_HEX=0x10000",
				);
				GCC_VERSION = com.apple.compilers.llvm.clang.1_0;
				HEADER_SEARCH_PATHS = (
					"/Users/justin/Documents/Develop/JUCE/modules/juce_audio_processors/format_types/VST3_SDK",
					"$(SRCROOT)/../../JuceLibraryCode",
					"/Users/justin/Documents/Develop/JUCE/modules",
					"/Users/justin/Documents/Develop/JUCE/modules/juce_audio_plugin_client",
					"$(inherited)",
				);
				INFOPLIST_FILE = Info-Standalone_Plugin.plist;
				INFOPLIST_PREPROCESS = NO;
				MACOSX_DEPLOYMENT_TARGET = 10.11;
				MTL_HEADER_SEARCH_PATHS = "/Users/justin/Documents/Develop/JUCE/modules/juce_audio_processors/format_types/VST3_SDK $(SRCROOT)/../../JuceLibraryCode /Users/justin/Documents/Develop/JUCE/modules /Users/justin/Documents/Develop/JUCE/modules/juce_audio_plugin_client";
				OTHER_LDFLAGS = "-lMoogLadderFilter";
				PRODUCT_BUNDLE_IDENTIFIER = com.yourcompany.MoogLadderFilter;
				PRODUCT_NAME = "MoogLadderFilter";
				USE_HEADERMAP = NO;
				VALID_ARCHS = "i386 x86_64 arm64 arm64e";
			};
			name = Debug;
		};
		3C4ADE2DF5A346F07F3229B8 /* Debug */ = {
			isa = XCBuildConfiguration;
			buildSettings = {
				CLANG_CXX_LANGUAGE_STANDARD = "c++20";
				CLANG_CXX_LIBRARY = "libc++";
				CLANG_LINK_OBJC_RUNTIME = NO;
				CODE_SIGN_IDENTITY = "";
				COMBINE_HIDPI_IMAGES = YES;
				CONFIGURATION_BUILD_DIR = "$(PROJECT_DIR)/build/$(CONFIGURATION)";
				COPY_PHASE_STRIP = NO;
				EXCLUDED_ARCHS = "";
				GCC_DYNAMIC_NO_PIC = NO;
				GCC_OPTIMIZATION_LEVEL = 0;
				GCC_PREPROCESSOR_DEFINITIONS = (
					"_DEBUG=1",
					"DEBUG=1",
					"JUCE_DISPLAY_SPLASH_SCREEN=1",
					"JUCE_USE_DARK_SPLASH_SCREEN=1",
					"JUCE_PROJUCER_VERSION=0x60106",
					"JUCE_MODULE_AVAILABLE_juce_audio_basics=1",
					"JUCE_MODULE_AVAILABLE_juce_audio_devices=1",
					"JUCE_MODULE_AVAILABLE_juce_audio_formats=1",
					"JUCE_MODULE_AVAILABLE_juce_audio_plugin_client=1",
					"JUCE_MODULE_AVAILABLE_juce_audio_processors=1",
					"JUCE_MODULE_AVAILABLE_juce_audio_utils=1",
					"JUCE_MODULE_AVAILABLE_juce_core=1",
					"JUCE_MODULE_AVAILABLE_juce_data_structures=1",
					"JUCE_MODULE_AVAILABLE_juce_events=1",
					"JUCE_MODULE_AVAILABLE_juce_graphics=1",
					"JUCE_MODULE_AVAILABLE_juce_gui_basics=1",
					"JUCE_MODULE_AVAILABLE_juce_gui_extra=1",
					"JUCE_GLOBAL_MODULE_SETTINGS_INCLUDED=1",
					"JUCE_VST3_CAN_REPLACE_VST2=0",
					"JUCE_STRICT_REFCOUNTEDPOINTER=1",
					"JucePlugin_Build_VST=0",
					"JucePlugin_Build_VST3=1",
					"JucePlugin_Build_AU=1",
					"JucePlugin_Build_AUv3=0",
					"JucePlugin_Build_RTAS=0",
					"JucePlugin_Build_AAX=0",
					"JucePlugin_Build_Standalone=1",
					"JucePlugin_Build_Unity=0",
					"JucePlugin_Enable_IAA=0",
					"JucePlugin_Name=\\\"MoogLadderFilter\\\"",
					"JucePlugin_Desc=\\\"MoogLadderFilter\\\"",
					"JucePlugin_Manufacturer=\\\"yourcompany\\\"",
					"JucePlugin_ManufacturerWebsite=\\\"\\\"",
					"JucePlugin_ManufacturerEmail=\\\"\\\"",
					"JucePlugin_ManufacturerCode=0x4d616e75",
					"JucePlugin_PluginCode=0x55756a78",
					"JucePlugin_IsSynth=0",
					"JucePlugin_WantsMidiInput=0",
					"JucePlugin_ProducesMidiOutput=0",
					"JucePlugin_IsMidiEffect=0",
					"JucePlugin_EditorRequiresKeyboardFocus=0",
					"JucePlugin_Version=1.0.0",
					"JucePlugin_VersionCode=0x10000",
					"JucePlugin_VersionString=\\\"1.0.0\\\"",
					"JucePlugin_VSTUniqueID=JucePlugin_PluginCode",
					"JucePlugin_VSTCategory=kPlugCategEffect",
					"JucePlugin_Vst3Category=\\\"Fx\\\"",
					"JucePlugin_AUMainType=\\'aufx\\'",
					"JucePlugin_AUSubType=JucePlugin_PluginCode",
					"JucePlugin_AUExportPrefix=MoogLadderFilterAU",
					"JucePlugin_AUExportPrefixQuoted=\\\"MoogLadderFilterAU\\\"",
					"JucePlugin_AUManufacturerCode=JucePlugin_ManufacturerCode",
					"JucePlugin_CFBundleIdentifier=com.yourcompany.MoogLadderFilter",
					"JucePlugin_RTASCategory=0",
					"JucePlugin_RTASManufacturerCode=JucePlugin_ManufacturerCode",
					"JucePlugin_RTASProductId=JucePlugin_PluginCode",
					"JucePlugin_RTASDisableBypass=0",
					"JucePlugin_RTASDisableMultiMono=0",
					"JucePlugin_AAXIdentifier=com.yourcompany.MoogLadderFilter",
					"JucePlugin_AAXManufacturerCode=JucePlugin_ManufacturerCode",
					"JucePlugin_AAXProductId=JucePlugin_PluginCode",
					"JucePlugin_AAXCategory=0",
					"JucePlugin_AAXDisableBypass=0",
					"JucePlugin_AAXDisableMultiMono=0",
					"JucePlugin_IAAType=0x61757278",
					"JucePlugin_IAASubType=JucePlugin_PluginCode",
					"JucePlugin_IAAName=\\\"yourcompany:\\ MoogLadderFilter\\\"",
					"JucePlugin_VSTNumMidiInputs=16",
					"JucePlugin_VSTNumMidiOutputs=16",
					"JUCE_STANDALONE_APPLICATION=JucePlugin_Build_Standalone",
					"JUCER_XCODE_MAC_F6D2F4CF=1",
					"JUCE_APP_VERSION=1.0.0",
					"JUCE_APP_VERSION_HEX=0x10000",
					"JUCE_SHARED_CODE=1",
				);
				GCC_VERSION = com.apple.compilers.llvm.clang.1_0;
				HEADER_SEARCH_PATHS = (
					"/Users/justin/Documents/Develop/JUCE/modules/juce_audio_processors/format_types/VST3_SDK",
					"$(SRCROOT)/../../JuceLibraryCode",
					"/Users/justin/Documents/Develop/JUCE/modules",
					"/Users/justin/Documents/Develop/JUCE/modules/juce_audio_plugin_client",
					"$(inherited)",
				);
				INSTALL_PATH = "@executable_path/../Frameworks";
				MACOSX_DEPLOYMENT_TARGET = 10.11;
				MTL_HEADER_SEARCH_PATHS = "/Users/justin/Documents/Develop/JUCE/modules/juce_audio_processors/format_types/VST3_SDK $(SRCROOT)/../../JuceLibraryCode /Users/justin/Documents/Develop/JUCE/modules /Users/justin/Documents/Develop/JUCE/modules/juce_audio_plugin_client";
				PRODUCT_BUNDLE_IDENTIFIER = com.yourcompany.MoogLadderFilter;
				PRODUCT_NAME = "MoogLadderFilter";
				SKIP_INSTALL = YES;
				USE_HEADERMAP = NO;
				VALID_ARCHS = "i386 x86_64 arm64 arm64e";
			};
			name = Debug;
		};
		800EAC0415A552B8D4A2096F /* Release */ = {
			isa = XCBuildConfiguration;
			buildSettings = {
				CLANG_CXX_LANGUAGE_STANDARD = "c++20";
				CLANG_CXX_LIBRARY = "libc++";
				CLANG_LINK_OBJC_RUNTIME = NO;
				CODE_SIGN_IDENTITY = "";
				COMBINE_HIDPI_IMAGES = YES;
				CONFIGURATION_BUILD_DIR = "$(PROJECT_DIR)/build/$(CONFIGURATION)";
				DEAD_CODE_STRIPPING = YES;
				DEPLOYMENT_LOCATION = YES;
				DSTROOT = /;
				EXCLUDED_ARCHS = "";
				GCC_GENERATE_DEBUGGING_SYMBOLS = NO;
				GCC_OPTIMIZATION_LEVEL = 3;
				GCC_PREPROCESSOR_DEFINITIONS = (
					"_NDEBUG=1",
					"NDEBUG=1",
					"JUCE_DISPLAY_SPLASH_SCREEN=1",
					"JUCE_USE_DARK_SPLASH_SCREEN=1",
					"JUCE_PROJUCER_VERSION=0x60106",
					"JUCE_MODULE_AVAILABLE_juce_audio_basics=1",
					"JUCE_MODULE_AVAILABLE_juce_audio_devices=1",
					"JUCE_MODULE_AVAILABLE_juce_audio_formats=1",
					"JUCE_MODULE_AVAILABLE_juce_audio_plugin_client=1",
					"JUCE_MODULE_AVAILABLE_juce_audio_processors=1",
					"JUCE_MODULE_AVAILABLE_juce_audio_utils=1",
					"JUCE_MODULE_AVAILABLE_juce_core=1",
					"JUCE_MODULE_AVAILABLE_juce_data_structures=1",
					"JUCE_MODULE_AVAILABLE_juce_events=1",
					"JUCE_MODULE_AVAILABLE_juce_graphics=1",
					"JUCE_MODULE_AVAILABLE_juce_gui_basics=1",
					"JUCE_MODULE_AVAILABLE_juce_gui_extra=1",
					"JUCE_GLOBAL_MODULE_SETTINGS_INCLUDED=1",
					"JUCE_VST3_CAN_REPLACE_VST2=0",
					"JUCE_STRICT_REFCOUNTEDPOINTER=1",
					"JucePlugin_Build_VST=0",
					"JucePlugin_Build_VST3=1",
					"JucePlugin_Build_AU=0",
					"JucePlugin_Build_AUv3=0",
					"JucePlugin_Build_RTAS=0",
					"JucePlugin_Build_AAX=0",
					"JucePlugin_Build_Standalone=0",
					"JucePlugin_Build_Unity=0",
					"JucePlugin_Enable_IAA=0",
					"JucePlugin_Name=\\\"MoogLadderFilter\\\"",
					"JucePlugin_Desc=\\\"MoogLadderFilter\\\"",
					"JucePlugin_Manufacturer=\\\"yourcompany\\\"",
					"JucePlugin_ManufacturerWebsite=\\\"\\\"",
					"JucePlugin_ManufacturerEmail=\\\"\\\"",
					"JucePlugin_ManufacturerCode=0x4d616e75",
					"JucePlugin_PluginCode=0x55756a78",
					"JucePlugin_IsSynth=0",
					"JucePlugin_WantsMidiInput=0",
					"JucePlugin_ProducesMidiOutput=0",
					"JucePlugin_IsMidiEffect=0",
					"JucePlugin_EditorRequiresKeyboardFocus=0",
					"JucePlugin_Version=1.0.0",
					"JucePlugin_VersionCode=0x10000",
					"JucePlugin_VersionString=\\\"1.0.0\\\"",
					"JucePlugin_VSTUniqueID=JucePlugin_PluginCode",
					"JucePlugin_VSTCategory=kPlugCategEffect",
					"JucePlugin_Vst3Category=\\\"Fx\\\"",
					"JucePlugin_AUMainType=\\'aufx\\'",
					"JucePlugin_AUSubType=JucePlugin_PluginCode",
					"JucePlugin_AUExportPrefix=MoogLadderFilterAU",
					"JucePlugin_AUExportPrefixQuoted=\\\"MoogLadderFilterAU\\\"",
					"JucePlugin_AUManufacturerCode=JucePlugin_ManufacturerCode",
					"JucePlugin_CFBundleIdentifier=com.yourcompany.MoogLadderFilter",
					"JucePlugin_RTASCategory=0",
					"JucePlugin_RTASManufacturerCode=JucePlugin_ManufacturerCode",
					"JucePlugin_RTASProductId=JucePlugin_PluginCode",
					"JucePlugin_RTASDisableBypass=0",
					"JucePlugin_RTASDisableMultiMono=0",
					"JucePlugin_AAXIdentifier=com.yourcompany.MoogLadderFilter",
					"JucePlugin_AAXManufacturerCode=JucePlugin_ManufacturerCode",
					"JucePlugin_AAXProductId=JucePlugin_PluginCode",
					"JucePlugin_AAXCategory=0",
					"JucePlugin_AAXDisableBypass=0",
					"JucePlugin_AAXDisableMultiMono=0",
					"JucePlugin_IAAType=0x61757278",
					"JucePlugin_IAASubType=JucePlugin_PluginCode",
					"JucePlugin_IAAName=\\\"yourcompany:\\ MoogLadderFilter\\\"",
					"JucePlugin_VSTNumMidiInputs=16",
					"JucePlugin_VSTNumMidiOutputs=16",
					"JUCE_STANDALONE_APPLICATION=JucePlugin_Build_Standalone",
					"JUCER_XCODE_MAC_F6D2F4CF=1",
					"JUCE_APP_VERSION=1.0.0",
					"JUCE_APP_VERSION_HEX=0x10000",
				);
				GCC_VERSION = com.apple.compilers.llvm.clang.1_0;
				GENERATE_PKGINFO_FILE = YES;
				HEADER_SEARCH_PATHS = (
					"/Users/justin/Documents/Develop/JUCE/modules/juce_audio_processors/format_types/VST3_SDK",
					"$(SRCROOT)/../../JuceLibraryCode",
					"/Users/justin/Documents/Develop/JUCE/modules",
					"/Users/justin/Documents/Develop/JUCE/modules/juce_audio_plugin_client",
					"$(inherited)",
				);
				INFOPLIST_FILE = Info-VST3.plist;
				INFOPLIST_PREPROCESS = NO;
				INSTALL_PATH = "$(HOME)/Library/Audio/Plug-Ins/VST3/";
				LIBRARY_STYLE = Bundle;
				LLVM_LTO = YES;
				MACOSX_DEPLOYMENT_TARGET = 10.11;
				MTL_HEADER_SEARCH_PATHS = "/Users/justin/Documents/Develop/JUCE/modules/juce_audio_processors/format_types/VST3_SDK $(SRCROOT)/../../JuceLibraryCode /Users/justin/Documents/Develop/JUCE/modules /Users/justin/Documents/Develop/JUCE/modules/juce_audio_plugin_client";
				OTHER_LDFLAGS = "-bundle -lMoogLadderFilter";
				PRODUCT_BUNDLE_IDENTIFIER = com.yourcompany.MoogLadderFilter;
				PRODUCT_NAME = "MoogLadderFilter";
				USE_HEADERMAP = NO;
				VALID_ARCHS = "i386 x86_64 arm64 arm64e";
				WRAPPER_EXTENSION = vst3;
			};
			name = Release;
		};
		80B7F98BDF643968266F06D1 /* Release */ = {
			isa = XCBuildConfiguration;
			buildSettings = {
				MACOSX_DEPLOYMENT_TARGET = 10.11;
				SDKROOT = macosx;
			};
			name = Release;
		};
		B2E64E7E5A1CD7A6D16C50E3 /* Release */ = {
			isa = XCBuildConfiguration;
			buildSettings = {
				CLANG_CXX_LANGUAGE_STANDARD = "c++20";
				CLANG_CXX_LIBRARY = "libc++";
				CLANG_LINK_OBJC_RUNTIME = NO;
				CODE_SIGN_IDENTITY = "";
				COMBINE_HIDPI_IMAGES = YES;
				CONFIGURATION_BUILD_DIR = "$(PROJECT_DIR)/build/$(CONFIGURATION)";
				DEAD_CODE_STRIPPING = YES;
				EXCLUDED_ARCHS = "";
				GCC_GENERATE_DEBUGGING_SYMBOLS = NO;
				GCC_OPTIMIZATION_LEVEL = 3;
				GCC_PREPROCESSOR_DEFINITIONS = (
					"_NDEBUG=1",
					"NDEBUG=1",
					"JUCE_DISPLAY_SPLASH_SCREEN=1",
					"JUCE_USE_DARK_SPLASH_SCREEN=1",
					"JUCE_PROJUCER_VERSION=0x60106",
					"JUCE_MODULE_AVAILABLE_juce_audio_basics=1",
					"JUCE_MODULE_AVAILABLE_juce_audio_devices=1",
					"JUCE_MODULE_AVAILABLE_juce_audio_formats=1",
					"JUCE_MODULE_AVAILABLE_juce_audio_plugin_client=1",
					"JUCE_MODULE_AVAILABLE_juce_audio_processors=1",
					"JUCE_MODULE_AVAILABLE_juce_audio_utils=1",
					"JUCE_MODULE_AVAILABLE_juce_core=1",
					"JUCE_MODULE_AVAILABLE_juce_data_structures=1",
					"JUCE_MODULE_AVAILABLE_juce_events=1",
					"JUCE_MODULE_AVAILABLE_juce_graphics=1",
					"JUCE_MODULE_AVAILABLE_juce_gui_basics=1",
					"JUCE_MODULE_AVAILABLE_juce_gui_extra=1",
					"JUCE_GLOBAL_MODULE_SETTINGS_INCLUDED=1",
					"JUCE_VST3_CAN_REPLACE_VST2=0",
					"JUCE_STRICT_REFCOUNTEDPOINTER=1",
					"JucePlugin_Build_VST=0",
					"JucePlugin_Build_VST3=0",
					"JucePlugin_Build_AU=0",
					"JucePlugin_Build_AUv3=0",
					"JucePlugin_Build_RTAS=0",
					"JucePlugin_Build_AAX=0",
					"JucePlugin_Build_Standalone=1",
					"JucePlugin_Build_Unity=0",
					"JucePlugin_Enable_IAA=0",
					"JucePlugin_Name=\\\"MoogLadderFilter\\\"",
					"JucePlugin_Desc=\\\"MoogLadderFilter\\\"",
					"JucePlugin_Manufacturer=\\\"yourcompany\\\"",
					"JucePlugin_ManufacturerWebsite=\\\"\\\"",
					"JucePlugin_ManufacturerEmail=\\\"\\\"",
					"JucePlugin_ManufacturerCode=0x4d616e75",
					"JucePlugin_PluginCode=0x55756a78",
					"JucePlugin_IsSynth=0",
					"JucePlugin_WantsMidiInput=0",
					"JucePlugin_ProducesMidiOutput=0",
					"JucePlugin_IsMidiEffect=0",
					"JucePlugin_EditorRequiresKeyboardFocus=0",
					"JucePlugin_Version=1.0.0",
					"JucePlugin_VersionCode=0x10000",
					"JucePlugin_VersionString=\\\"1.0.0\\\"",
					"JucePlugin_VSTUniqueID=JucePlugin_PluginCode",
					"JucePlugin_VSTCategory=kPlugCategEffect",
					"JucePlugin_Vst3Category=\\\"Fx\\\"",
					"JucePlugin_AUMainType=\\'aufx\\'",
					"JucePlugin_AUSubType=JucePlugin_PluginCode",
					"JucePlugin_AUExportPrefix=MoogLadderFilterAU",
					"JucePlugin_AUExportPrefixQuoted=\\\"MoogLadderFilterAU\\\"",
					"JucePlugin_AUManufacturerCode=JucePlugin_ManufacturerCode",
					"JucePlugin_CFBundleIdentifier=com.yourcompany.MoogLadderFilter",
					"JucePlugin_RTASCategory=0",
					"JucePlugin_RTASManufacturerCode=JucePlugin_ManufacturerCode",
					"JucePlugin_RTASProductId=JucePlugin_PluginCode",
					"JucePlugin_RTASDisableBypass=0",
					"JucePlugin_RTASDisableMultiMono=0",
					"JucePlugin_AAXIdentifier=com.yourcompany.MoogLadderFilter",
					"JucePlugin_AAXManufacturerCode=JucePlugin_ManufacturerCode",
					"JucePlugin_AAXProductId=JucePlugin_PluginCode",
					"JucePlugin_AAXCategory=0",
					"JucePlugin_AAXDisableBypass=0",
					"JucePlugin_AAXDisableMultiMono=0",
					"JucePlugin_IAAType=0x61757278",
					"JucePlugin_IAASubType=JucePlugin_PluginCode",
					"JucePlugin_IAAName=\\\"yourcompany:\\ MoogLadderFilter\\\"",
					"JucePlugin_VSTNumMidiInputs=16",
					"JucePlugin_VSTNumMidiOutputs=16",
					"JUCE_STANDALONE_APPLICATION=JucePlugin_Build_Standalone",
					"JUCER_XCODE_MAC_F6D2F4CF=1",
					"JUCE_APP_VERSION=1.0.0",
					"JUCE_APP_VERSION_HEX=0x10000",
				);
				GCC_VERSION = com.apple.compilers.llvm.clang.1_0;
				HEADER_SEARCH_PATHS = (
					"/Users/justin/Documents/Develop/JUCE/modules/juce_audio_processors/format_types/VST3_SDK",
					"$(SRCROOT)/../../JuceLibraryCode",
					"/Users/justin/Documents/Develop/JUCE/modules",
					"/Users/justin/Documents/Develop/JUCE/modules/juce_audio_plugin_client",
					"$(inherited)",
				);
				INFOPLIST_FILE = Info-Standalone_Plugin.plist;
				INFOPLIST_PREPROCESS = NO;
				LLVM_LTO = YES;
				MACOSX_DEPLOYMENT_TARGET = 10.11;
				MTL_HEADER_SEARCH_PATHS = "/Users/justin/Documents/Develop/JUCE/modules/juce_audio_processors/format_types/VST3_SDK $(SRCROOT)/../../JuceLibraryCode /Users/justin/Documents/Develop/JUCE/modules /Users/justin/Documents/Develop/JUCE/modules/juce_audio_plugin_client";
				OTHER_LDFLAGS = "-lMoogLadderFilter";
				PRODUCT_BUNDLE_IDENTIFIER = com.yourcompany.MoogLadderFilter;
				PRODUCT_NAME = "MoogLadderFilter";
				USE_HEADERMAP = NO;
				VALID_ARCHS = "i386 x86_64 arm64 arm64e";
			};
			name = Release;
		};
		D5FDFB37D81D5A5FEEC4FEF2 /* Release */ = {
			isa = XCBuildConfiguration;
			buildSettings = {
				CLANG_CXX_LANGUAGE_STANDARD = "c++20";
				CLANG_CXX_LIBRARY = "libc++";
				CLANG_LINK_OBJC_RUNTIME = NO;
				CODE_SIGN_IDENTITY = "";
				COMBINE_HIDPI_IMAGES = YES;
				CONFIGURATION_BUILD_DIR = "$(PROJECT_DIR)/build/$(CONFIGURATION)";
				DEAD_CODE_STRIPPING = YES;
				EXCLUDED_ARCHS = "";
				GCC_GENERATE_DEBUGGING_SYMBOLS = NO;
				GCC_OPTIMIZATION_LEVEL = 3;
				GCC_PREPROCESSOR_DEFINITIONS = (
					"_NDEBUG=1",
					"NDEBUG=1",
					"JUCE_DISPLAY_SPLASH_SCREEN=1",
					"JUCE_USE_DARK_SPLASH_SCREEN=1",
					"JUCE_PROJUCER_VERSION=0x60106",
					"JUCE_MODULE_AVAILABLE_juce_audio_basics=1",
					"JUCE_MODULE_AVAILABLE_juce_audio_devices=1",
					"JUCE_MODULE_AVAILABLE_juce_audio_formats=1",
					"JUCE_MODULE_AVAILABLE_juce_audio_plugin_client=1",
					"JUCE_MODULE_AVAILABLE_juce_audio_processors=1",
					"JUCE_MODULE_AVAILABLE_juce_audio_utils=1",
					"JUCE_MODULE_AVAILABLE_juce_core=1",
					"JUCE_MODULE_AVAILABLE_juce_data_structures=1",
					"JUCE_MODULE_AVAILABLE_juce_events=1",
					"JUCE_MODULE_AVAILABLE_juce_graphics=1",
					"JUCE_MODULE_AVAILABLE_juce_gui_basics=1",
					"JUCE_MODULE_AVAILABLE_juce_gui_extra=1",
					"JUCE_GLOBAL_MODULE_SETTINGS_INCLUDED=1",
					"JUCE_VST3_CAN_REPLACE_VST2=0",
					"JUCE_STRICT_REFCOUNTEDPOINTER=1",
					"JucePlugin_Build_VST=0",
					"JucePlugin_Build_VST3=1",
					"JucePlugin_Build_AU=1",
					"JucePlugin_Build_AUv3=0",
					"JucePlugin_Build_RTAS=0",
					"JucePlugin_Build_AAX=0",
					"JucePlugin_Build_Standalone=1",
					"JucePlugin_Build_Unity=0",
					"JucePlugin_Enable_IAA=0",
					"JucePlugin_Name=\\\"MoogLadderFilter\\\"",
					"JucePlugin_Desc=\\\"MoogLadderFilter\\\"",
					"JucePlugin_Manufacturer=\\\"yourcompany\\\"",
					"JucePlugin_ManufacturerWebsite=\\\"\\\"",
					"JucePlugin_ManufacturerEmail=\\\"\\\"",
					"JucePlugin_ManufacturerCode=0x4d616e75",
					"JucePlugin_PluginCode=0x55756a78",
					"JucePlugin_IsSynth=0",
					"JucePlugin_WantsMidiInput=0",
					"JucePlugin_ProducesMidiOutput=0",
					"JucePlugin_IsMidiEffect=0",
					"JucePlugin_EditorRequiresKeyboardFocus=0",
					"JucePlugin_Version=1.0.0",
					"JucePlugin_VersionCode=0x10000",
					"JucePlugin_VersionString=\\\"1.0.0\\\"",
					"JucePlugin_VSTUniqueID=JucePlugin_PluginCode",
					"JucePlugin_VSTCategory=kPlugCategEffect",
					"JucePlugin_Vst3Category=\\\"Fx\\\"",
					"JucePlugin_AUMainType=\\'aufx\\'",
					"JucePlugin_AUSubType=JucePlugin_PluginCode",
					"JucePlugin_AUExportPrefix=MoogLadderFilterAU",
					"JucePlugin_AUExportPrefixQuoted=\\\"MoogLadderFilterAU\\\"",
					"JucePlugin_AUManufacturerCode=JucePlugin_ManufacturerCode",
					"JucePlugin_CFBundleIdentifier=com.yourcompany.MoogLadderFilter",
					"JucePlugin_RTASCategory=0",
					"JucePlugin_RTASManufacturerCode=JucePlugin_ManufacturerCode",
					"JucePlugin_RTASProductId=JucePlugin_PluginCode",
					"JucePlugin_RTASDisableBypass=0",
					"JucePlugin_RTASDisableMultiMono=0",
					"JucePlugin_AAXIdentifier=com.yourcompany.MoogLadderFilter",
					"JucePlugin_AAXManufacturerCode=JucePlugin_ManufacturerCode",
					"JucePlugin_AAXProductId=JucePlugin_PluginCode",
					"JucePlugin_AAXCategory=0",
					"JucePlugin_AAXDisableBypass=0",
					"JucePlugin_AAXDisableMultiMono=0",
					"JucePlugin_IAAType=0x61757278",
					"JucePlugin_IAASubType=JucePlugin_PluginCode",
					"JucePlugin_IAAName=\\\"yourcompany:\\ MoogLadderFilter\\\"",
					"JucePlugin_VSTNumMidiInputs=16",
					"JucePlugin_VSTNumMidiOutputs=16",
					"JUCE_STANDALONE_APPLICATION=JucePlugin_Build_Standalone",
					"JUCER_XCODE_MAC_F6D2F4CF=1",
					"JUCE_APP_VERSION=1.0.0",
					"JUCE_APP_VERSION_HEX=0x10000",
					"JUCE_SHARED_CODE=1",
				);
				GCC_VERSION = com.apple.compilers.llvm.clang.1_0;
				HEADER_SEARCH_PATHS = (
					"/Users/justin/Documents/Develop/JUCE/modules/juce_audio_processors/format_types/VST3_SDK",
					"$(SRCROOT)/../../JuceLibraryCode",
					"/Users/justin/Documents/Develop/JUCE/modules",
					"/Users/justin/Documents/Develop/JUCE/modules/juce_audio_plugin_client",
					"$(inherited)",
				);
				INSTALL_PATH = "@executable_path/../Frameworks";
				LLVM_LTO = YES;
				MACOSX_DEPLOYMENT_TARGET = 10.11;
				MTL_HEADER_SEARCH_PATHS = "/Users/justin/Documents/Develop/JUCE/modules/juce_audio_processors/format_types/VST3_SDK $(SRCROOT)/../../JuceLibraryCode /Users/justin/Documents/Develop/JUCE/modules /Users/justin/Documents/Develop/JUCE/modules/juce_audio_plugin_client";
				PRODUCT_BUNDLE_IDENTIFIER = com.yourcompany.MoogLadderFilter;
				PRODUCT_NAME = "MoogLadderFilter";
				SKIP_INSTALL = YES;
				USE_HEADERMAP = NO;
				VALID_ARCHS = "i386 x86_64 arm64 arm64e";
			};
			name = Release;
		};
		DADBDB409483B9821A024EAD /* Release */ = {
			isa = XCBuildConfiguration;
			buildSettings = {
				CLANG_CXX_LANGUAGE_STANDARD = "c++20";
				CLANG_CXX_LIBRARY = "libc++";
				CLANG_LINK_OBJC_RUNTIME = NO;
				CODE_SIGN_IDENTITY = "";
				COMBINE_HIDPI_IMAGES = YES;
				CONFIGURATION_BUILD_DIR = "$(PROJECT_DIR)/build/$(CONFIGURATION)";
				DEAD_CODE_STRIPPING = YES;
				DEPLOYMENT_LOCATION = YES;
				DSTROOT = /;
				EXCLUDED_ARCHS = "";
				GCC_GENERATE_DEBUGGING_SYMBOLS = NO;
				GCC_OPTIMIZATION_LEVEL = 3;
				GCC_PREPROCESSOR_DEFINITIONS = (
					"_NDEBUG=1",
					"NDEBUG=1",
					"JUCE_DISPLAY_SPLASH_SCREEN=1",
					"JUCE_USE_DARK_SPLASH_SCREEN=1",
					"JUCE_PROJUCER_VERSION=0x60106",
					"JUCE_MODULE_AVAILABLE_juce_audio_basics=1",
					"JUCE_MODULE_AVAILABLE_juce_audio_devices=1",
					"JUCE_MODULE_AVAILABLE_juce_audio_formats=1",
					"JUCE_MODULE_AVAILABLE_juce_audio_plugin_client=1",
					"JUCE_MODULE_AVAILABLE_juce_audio_processors=1",
					"JUCE_MODULE_AVAILABLE_juce_audio_utils=1",
					"JUCE_MODULE_AVAILABLE_juce_core=1",
					"JUCE_MODULE_AVAILABLE_juce_data_structures=1",
					"JUCE_MODULE_AVAILABLE_juce_events=1",
					"JUCE_MODULE_AVAILABLE_juce_graphics=1",
					"JUCE_MODULE_AVAILABLE_juce_gui_basics=1",
					"JUCE_MODULE_AVAILABLE_juce_gui_extra=1",
					"JUCE_GLOBAL_MODULE_SETTINGS_INCLUDED=1",
					"JUCE_VST3_CAN_REPLACE_VST2=0",
					"JUCE_STRICT_REFCOUNTEDPOINTER=1",
					"JucePlugin_Build_VST=0",
					"JucePlugin_Build_VST3=0",
					"JucePlugin_Build_AU=1",
					"JucePlugin_Build_AUv3=0",
					"JucePlugin_Build_RTAS=0",
					"JucePlugin_Build_AAX=0",
					"JucePlugin_Build_Standalone=0",
					"JucePlugin_Build_Unity=0",
					"JucePlugin_Enable_IAA=0",
					"JucePlugin_Name=\\\"MoogLadderFilter\\\"",
					"JucePlugin_Desc=\\\"MoogLadderFilter\\\"",
					"JucePlugin_Manufacturer=\\\"yourcompany\\\"",
					"JucePlugin_ManufacturerWebsite=\\\"\\\"",
					"JucePlugin_ManufacturerEmail=\\\"\\\"",
					"JucePlugin_ManufacturerCode=0x4d616e75",
					"JucePlugin_PluginCode=0x55756a78",
					"JucePlugin_IsSynth=0",
					"JucePlugin_WantsMidiInput=0",
					"JucePlugin_ProducesMidiOutput=0",
					"JucePlugin_IsMidiEffect=0",
					"JucePlugin_EditorRequiresKeyboardFocus=0",
					"JucePlugin_Version=1.0.0",
					"JucePlugin_VersionCode=0x10000",
					"JucePlugin_VersionString=\\\"1.0.0\\\"",
					"JucePlugin_VSTUniqueID=JucePlugin_PluginCode",
					"JucePlugin_VSTCategory=kPlugCategEffect",
					"JucePlugin_Vst3Category=\\\"Fx\\\"",
					"JucePlugin_AUMainType=\\'aufx\\'",
					"JucePlugin_AUSubType=JucePlugin_PluginCode",
					"JucePlugin_AUExportPrefix=MoogLadderFilterAU",
					"JucePlugin_AUExportPrefixQuoted=\\\"MoogLadderFilterAU\\\"",
					"JucePlugin_AUManufacturerCode=JucePlugin_ManufacturerCode",
					"JucePlugin_CFBundleIdentifier=com.yourcompany.MoogLadderFilter",
					"JucePlugin_RTASCategory=0",
					"JucePlugin_RTASManufacturerCode=JucePlugin_ManufacturerCode",
					"JucePlugin_RTASProductId=JucePlugin_PluginCode",
					"JucePlugin_RTASDisableBypass=0",
					"JucePlugin_RTASDisableMultiMono=0",
					"JucePlugin_AAXIdentifier=com.yourcompany.MoogLadderFilter",
					"JucePlugin_AAXManufacturerCode=JucePlugin_ManufacturerCode",
					"JucePlugin_AAXProductId=JucePlugin_PluginCode",
					"JucePlugin_AAXCategory=0",
					"JucePlugin_AAXDisableBypass=0",
					"JucePlugin_AAXDisableMultiMono=0",
					"JucePlugin_IAAType=0x61757278",
					"JucePlugin_IAASubType=JucePlugin_PluginCode",
					"JucePlugin_IAAName=\\\"yourcompany:\\ MoogLadderFilter\\\"",
					"JucePlugin_VSTNumMidiInputs=16",
					"JucePlugin_VSTNumMidiOutputs=16",
					"JUCE_STANDALONE_APPLICATION=JucePlugin_Build_Standalone",
					"JUCER_XCODE_MAC_F6D2F4CF=1",
					"JUCE_APP_VERSION=1.0.0",
					"JUCE_APP_VERSION_HEX=0x10000",
				);
				GCC_VERSION = com.apple.compilers.llvm.clang.1_0;
				GENERATE_PKGINFO_FILE = YES;
				HEADER_SEARCH_PATHS = (
					"/Users/justin/Documents/Develop/JUCE/modules/juce_audio_processors/format_types/VST3_SDK",
					"$(SRCROOT)/../../JuceLibraryCode",
					"/Users/justin/Documents/Develop/JUCE/modules",
					"/Users/justin/Documents/Develop/JUCE/modules/juce_audio_plugin_client",
					"$(inherited)",
				);
				INFOPLIST_FILE = Info-AU.plist;
				INFOPLIST_PREPROCESS = NO;
				INSTALL_PATH = "$(HOME)/Library/Audio/Plug-Ins/Components/";
				LIBRARY_STYLE = Bundle;
				LLVM_LTO = YES;
				MACOSX_DEPLOYMENT_TARGET = 10.11;
				MTL_HEADER_SEARCH_PATHS = "/Users/justin/Documents/Develop/JUCE/modules/juce_audio_processors/format_types/VST3_SDK $(SRCROOT)/../../JuceLibraryCode /Users/justin/Documents/Develop/JUCE/modules /Users/justin/Documents/Develop/JUCE/modules/juce_audio_plugin_client";
				OTHER_LDFLAGS = "-bundle -lMoogLadderFilter";
				OTHER_REZFLAGS = "-d ppc_$ppc -d i386_$i386 -d ppc64_$ppc64 -d x86_64_$x86_64 -d arm64_$arm64 -I /System/Library/Frameworks/CoreServices.framework/Frameworks/CarbonCore.framework/Versions/A/Headers -I \"$(DEVELOPER_DIR)/Extras/CoreAudio/AudioUnits/AUPublic/AUBase\" -I \"$(DEVELOPER_DIR)/Platforms/MacOSX.platform/Developer/SDKs/MacOSX.sdk/System/Library/Frameworks/AudioUnit.framework/Headers\"";
				PRODUCT_BUNDLE_IDENTIFIER = com.yourcompany.MoogLadderFilter;
				PRODUCT_NAME = "MoogLadderFilter";
				USE_HEADERMAP = NO;
				VALID_ARCHS = "i386 x86_64 arm64 arm64e";
				WRAPPER_EXTENSION = component;
			};
			name = Release;
		};
		E3348BAE9506DFA5C256662E /* Debug */ = {
			isa = XCBuildConfiguration;
			buildSettings = {
				CLANG_CXX_LANGUAGE_STANDARD = "c++20";
				CLANG_CXX_LIBRARY = "libc++";
				CLANG_LINK_OBJC_RUNTIME = NO;
				CODE_SIGN_IDENTITY = "";
				COMBINE_HIDPI_IMAGES = YES;
				CONFIGURATION_BUILD_DIR = "$(PROJECT_DIR)/build/$(CONFIGURATION)";
				COPY_PHASE_STRIP = NO;
				DEPLOYMENT_LOCATION = YES;
				DSTROOT = /;
				EXCLUDED_ARCHS = "";
				GCC_DYNAMIC_NO_PIC = NO;
				GCC_OPTIMIZATION_LEVEL = 0;
				GCC_PREPROCESSOR_DEFINITIONS = (
					"_DEBUG=1",
					"DEBUG=1",
					"JUCE_DISPLAY_SPLASH_SCREEN=1",
					"JUCE_USE_DARK_SPLASH_SCREEN=1",
					"JUCE_PROJUCER_VERSION=0x60106",
					"JUCE_MODULE_AVAILABLE_juce_audio_basics=1",
					"JUCE_MODULE_AVAILABLE_juce_audio_devices=1",
					"JUCE_MODULE_AVAILABLE_juce_audio_formats=1",
					"JUCE_MODULE_AVAILABLE_juce_audio_plugin_client=1",
					"JUCE_MODULE_AVAILABLE_juce_audio_processors=1",
					"JUCE_MODULE_AVAILABLE_juce_audio_utils=1",
					"JUCE_MODULE_AVAILABLE_juce_core=1",
					"JUCE_MODULE_AVAILABLE_juce_data_structures=1",
					"JUCE_MODULE_AVAILABLE_juce_events=1",
					"JUCE_MODULE_AVAILABLE_juce_graphics=1",
					"JUCE_MODULE_AVAILABLE_juce_gui_basics=1",
					"JUCE_MODULE_AVAILABLE_juce_gui_extra=1",
					"JUCE_GLOBAL_MODULE_SETTINGS_INCLUDED=1",
					"JUCE_VST3_CAN_REPLACE_VST2=0",
					"JUCE_STRICT_REFCOUNTEDPOINTER=1",
					"JucePlugin_Build_VST=0",
					"JucePlugin_Build_VST3=0",
					"JucePlugin_Build_AU=1",
					"JucePlugin_Build_AUv3=0",
					"JucePlugin_Build_RTAS=0",
					"JucePlugin_Build_AAX=0",
					"JucePlugin_Build_Standalone=0",
					"JucePlugin_Build_Unity=0",
					"JucePlugin_Enable_IAA=0",
					"JucePlugin_Name=\\\"MoogLadderFilter\\\"",
					"JucePlugin_Desc=\\\"MoogLadderFilter\\\"",
					"JucePlugin_Manufacturer=\\\"yourcompany\\\"",
					"JucePlugin_ManufacturerWebsite=\\\"\\\"",
					"JucePlugin_ManufacturerEmail=\\\"\\\"",
					"JucePlugin_ManufacturerCode=0x4d616e75",
					"JucePlugin_PluginCode=0x55756a78",
					"JucePlugin_IsSynth=0",
					"JucePlugin_WantsMidiInput=0",
					"JucePlugin_ProducesMidiOutput=0",
					"JucePlugin_IsMidiEffect=0",
					"JucePlugin_EditorRequiresKeyboardFocus=0",
					"JucePlugin_Version=1.0.0",
					"JucePlugin_VersionCode=0x10000",
					"JucePlugin_VersionString=\\\"1.0.0\\\"",
					"JucePlugin_VSTUniqueID=JucePlugin_PluginCode",
					"JucePlugin_VSTCategory=kPlugCategEffect",
					"JucePlugin_Vst3Category=\\\"Fx\\\"",
					"JucePlugin_AUMainType=\\'aufx\\'",
					"JucePlugin_AUSubType=JucePlugin_PluginCode",
					"JucePlugin_AUExportPrefix=MoogLadderFilterAU",
					"JucePlugin_AUExportPrefixQuoted=\\\"MoogLadderFilterAU\\\"",
					"JucePlugin_AUManufacturerCode=JucePlugin_ManufacturerCode",
					"JucePlugin_CFBundleIdentifier=com.yourcompany.MoogLadderFilter",
					"JucePlugin_RTASCategory=0",
					"JucePlugin_RTASManufacturerCode=JucePlugin_ManufacturerCode",
					"JucePlugin_RTASProductId=JucePlugin_PluginCode",
					"JucePlugin_RTASDisableBypass=0",
					"JucePlugin_RTASDisableMultiMono=0",
					"JucePlugin_AAXIdentifier=com.yourcompany.MoogLadderFilter",
					"JucePlugin_AAXManufacturerCode=JucePlugin_ManufacturerCode",
					"JucePlugin_AAXProductId=JucePlugin_PluginCode",
					"JucePlugin_AAXCategory=0",
					"JucePlugin_AAXDisableBypass=0",
					"JucePlugin_AAXDisableMultiMono=0",
					"JucePlugin_IAAType=0x61757278",
					"JucePlugin_IAASubType=JucePlugin_PluginCode",
					"JucePlugin_IAAName=\\\"yourcompany:\\ MoogLadderFilter\\\"",
					"JucePlugin_VSTNumMidiInputs=16",
					"JucePlugin_VSTNumMidiOutputs=16",
					"JUCE_STANDALONE_APPLICATION=JucePlugin_Build_Standalone",
					"JUCER_XCODE_MAC_F6D2F4CF=1",
					"JUCE_APP_VERSION=1.0.0",
					"JUCE_APP_VERSION_HEX=0x10000",
				);
				GCC_VERSION = com.apple.compilers.llvm.clang.1_0;
				GENERATE_PKGINFO_FILE = YES;
				HEADER_SEARCH_PATHS = (
					"/Users/justin/Documents/Develop/JUCE/modules/juce_audio_processors/format_types/VST3_SDK",
					"$(SRCROOT)/../../JuceLibraryCode",
					"/Users/justin/Documents/Develop/JUCE/modules",
					"/Users/justin/Documents/Develop/JUCE/modules/juce_audio_plugin_client",
					"$(inherited)",
				);
				INFOPLIST_FILE = Info-AU.plist;
				INFOPLIST_PREPROCESS = NO;
				INSTALL_PATH = "$(HOME)/Library/Audio/Plug-Ins/Components/";
				LIBRARY_STYLE = Bundle;
				MACOSX_DEPLOYMENT_TARGET = 10.11;
				MTL_HEADER_SEARCH_PATHS = "/Users/justin/Documents/Develop/JUCE/modules/juce_audio_processors/format_types/VST3_SDK $(SRCROOT)/../../JuceLibraryCode /Users/justin/Documents/Develop/JUCE/modules /Users/justin/Documents/Develop/JUCE/modules/juce_audio_plugin_client";
				OTHER_LDFLAGS = "-bundle -lMoogLadderFilter";
				OTHER_REZFLAGS = "-d ppc_$ppc -d i386_$i386 -d ppc64_$ppc64 -d x86_64_$x86_64 -d arm64_$arm64 -I /System/Library/Frameworks/CoreServices.framework/Frameworks/CarbonCore.framework/Versions/A/Headers -I \"$(DEVELOPER_DIR)/Extras/CoreAudio/AudioUnits/AUPublic/AUBase\" -I \"$(DEVELOPER_DIR)/Platforms/MacOSX.platform/Developer/SDKs/MacOSX.sdk/System/Library/Frameworks/AudioUnit.framework/Headers\"";
				PRODUCT_BUNDLE_IDENTIFIER = com.yourcompany.MoogLadderFilter;
				PRODUCT_NAME = "MoogLadderFilter";
				USE_HEADERMAP = NO;
				VALID_ARCHS = "i386 x86_64 arm64 arm64e";
				WRAPPER_EXTENSION = component;
			};
			name = Debug;
		};
		F3C3E68DB270B1D2C8EA4F3D /* Release */ = {
			isa = XCBuildConfiguration;
			buildSettings = {
				ALWAYS_SEARCH_USER_PATHS = NO;
				CLANG_ENABLE_OBJC_WEAK = YES;
				CLANG_WARN_BLOCK_CAPTURE_AUTORELEASING = YES;
				CLANG_WARN_BOOL_CONVERSION = YES;
				CLANG_WARN_COMMA = YES;
				CLANG_WARN_CONSTANT_CONVERSION = YES;
				CLANG_WARN_DEPRECATED_OBJC_IMPLEMENTATIONS = YES;
				CLANG_WARN_EMPTY_BODY = YES;
				CLANG_WARN_ENUM_CONVERSION = YES;
				CLANG_WARN_INFINITE_RECURSION = YES;
				CLANG_WARN_INT_CONVERSION = YES;
				CLANG_WARN_NON_LITERAL_NULL_CONVERSION = YES;
				CLANG_WARN_OBJC_IMPLICIT_RETAIN_SELF = YES;
				CLANG_WARN_OBJC_LITERAL_CONVERSION = YES;
				CLANG_WARN_RANGE_LOOP_ANALYSIS = YES;
				CLANG_WARN_STRICT_PROTOTYPES = YES;
				CLANG_WARN_SUSPICIOUS_MOVE = YES;
				CLANG_WARN_UNREACHABLE_CODE = YES;
				CLANG_WARN__DUPLICATE_METHOD_MATCH = YES;
				CODE_SIGN_IDENTITY = "";
				DEBUG_INFORMATION_FORMAT = dwarf;
				ENABLE_STRICT_OBJC_MSGSEND = YES;
				ENABLE_TESTABILITY = NO;
				GCC_C_LANGUAGE_STANDARD = c11;
				GCC_INLINES_ARE_PRIVATE_EXTERN = YES;
				GCC_MODEL_TUNING = G5;
				GCC_NO_COMMON_BLOCKS = YES;
				GCC_SYMBOLS_PRIVATE_EXTERN = YES;
				GCC_WARN_64_TO_32_BIT_CONVERSION = YES;
				GCC_WARN_ABOUT_RETURN_TYPE = YES;
				GCC_WARN_CHECK_SWITCH_STATEMENTS = YES;
				GCC_WARN_MISSING_PARENTHESES = YES;
				GCC_WARN_NON_VIRTUAL_DESTRUCTOR = YES;
				GCC_WARN_TYPECHECK_CALLS_TO_PRINTF = YES;
				GCC_WARN_UNDECLARED_SELECTOR = YES;
				GCC_WARN_UNINITIALIZED_AUTOS = YES;
				GCC_WARN_UNUSED_FUNCTION = YES;
				GCC_WARN_UNUSED_VARIABLE = YES;
				PRODUCT_NAME = "MoogLadderFilter";
				SDKROOT = macosx;
				WARNING_CFLAGS = "-Wreorder";
				ZERO_LINK = NO;
			};
			name = Release;
		};
/* End XCBuildConfiguration section */

/* Begin XCConfigurationList section */
		1B42F18CCF3E1C6C632C0EF7 = {
			isa = XCConfigurationList;
			buildConfigurations = (
				0888A02BB52A437E41FFF9A4,
				80B7F98BDF643968266F06D1,
			);
			defaultConfigurationIsVisible = 0;
			defaultConfigurationName = Debug;
		};
		2EB6EBF83C337C2A6464E907 = {
			isa = XCConfigurationList;
			buildConfigurations = (
				E3348BAE9506DFA5C256662E,
				DADBDB409483B9821A024EAD,
			);
			defaultConfigurationIsVisible = 0;
			defaultConfigurationName = Debug;
		};
		5C4B4AE61F8EAA4E48B084B3 = {
			isa = XCConfigurationList;
			buildConfigurations = (
				25E520DCF9615FC3E92E46E4,
				F3C3E68DB270B1D2C8EA4F3D,
			);
			defaultConfigurationIsVisible = 0;
			defaultConfigurationName = Debug;
		};
		E3FCF4E6375546710A467B25 = {
			isa = XCConfigurationList;
			buildConfigurations = (
				3C4ADE2DF5A346F07F3229B8,
				D5FDFB37D81D5A5FEEC4FEF2,
			);
			defaultConfigurationIsVisible = 0;
			defaultConfigurationName = Debug;
		};
		F0732B004987CEFAC028C7A3 = {
			isa = XCConfigurationList;
			buildConfigurations = (
				03F35EA3A71E1AD6F8CD2DF0,
				800EAC0415A552B8D4A2096F,
			);
			defaultConfigurationIsVisible = 0;
			defaultConfigurationName = Debug;
		};
		FF6DAA794184A4005BCFCAFA = {
			isa = XCConfigurationList;
			buildConfigurations = (
				34AB49041F9D3AE1E3F2BBA1,
				B2E64E7E5A1CD7A6D16C50E3,
			);
			defaultConfigurationIsVisible = 0;
			defaultConfigurationName = Debug;
		};
/* End XCConfigurationList section */
	};
	rootObject = 2A86C4EA4C7DA53A06C5A040 /* Project object */;
}
